<?xml version="1.0" encoding="utf-8"?>
<Project ToolsVersion="4.0" xmlns="http://schemas.microsoft.com/developer/msbuild/2003">
  <ItemGroup>
    <Filter Include="Kaynak Dosyalar">
      <UniqueIdentifier>{4FC737F1-C7A5-4376-A066-2A32D752A2FF}</UniqueIdentifier>
      <Extensions>cpp;c;cc;cxx;c++;cppm;ixx;def;odl;idl;hpj;bat;asm;asmx</Extensions>
    </Filter>
    <Filter Include="Üst Bilgi Dosyaları">
      <UniqueIdentifier>{93995380-89BD-4b04-88EB-625FBE52EBFB}</UniqueIdentifier>
      <Extensions>h;hh;hpp;hxx;h++;hm;inl;inc;ipp;xsd</Extensions>
    </Filter>
    <Filter Include="Kaynak Dosyaları">
      <UniqueIdentifier>{67DA6AB6-F800-4c08-8B7A-83BB121AAD01}</UniqueIdentifier>
      <Extensions>rc;ico;cur;bmp;dlg;rc2;rct;bin;rgs;gif;jpg;jpeg;jpe;resx;tiff;tif;png;wav;mfcribbon-ms</Extensions>
    </Filter>
  </ItemGroup>
  <ItemGroup>
    <ClCompile Include="src\Main.cpp">
      <Filter>Kaynak Dosyalar</Filter>
    </ClCompile>
    <ClCompile Include="src\Utils\Logger.cpp">
      <Filter>Kaynak Dosyalar</Filter>
    </ClCompile>
    <ClCompile Include="src\Utils\Timer.cpp">
      <Filter>Kaynak Dosyalar</Filter>
    </ClCompile>
    <ClCompile Include="src\Utils\StringUtils.cpp">
      <Filter>Kaynak Dosyalar</Filter>
    </ClCompile>
    <ClCompile Include="src\Utils\FileUtils.cpp">
      <Filter>Kaynak Dosyalar</Filter>
    </ClCompile>
    <ClCompile Include="src\Utils\SystemUtils.cpp">
      <Filter>Kaynak Dosyalar</Filter>
    </ClCompile>
    <ClCompile Include="src\Utils\MemoryUtils.cpp">
      <Filter>Kaynak Dosyalar</Filter>
    </ClCompile>
    <ClCompile Include="src\Utils\CacheManager.cpp">
      <Filter>Kaynak Dosyalar</Filter>
    </ClCompile>
    <ClCompile Include="src\Utils\CompressionUtils.cpp">
      <Filter>Kaynak Dosyalar</Filter>
    </ClCompile>
    <ClCompile Include="src\Utils\Base64Utils.cpp">
      <Filter>Kaynak Dosyalar</Filter>
    </ClCompile>
    <ClCompile Include="src\Utils\HashUtils.cpp">
      <Filter>Kaynak Dosyalar</Filter>
    </ClCompile>
    <ClCompile Include="src\Utils\JSONUtils.cpp">
      <Filter>Kaynak Dosyalar</Filter>
    </ClCompile>
    <ClCompile Include="src\Utils\XMLUtils.cpp">
      <Filter>Kaynak Dosyalar</Filter>
    </ClCompile>
    <ClCompile Include="src\Utils\NetworkUtils.cpp">
      <Filter>Kaynak Dosyalar</Filter>
    </ClCompile>
    <ClCompile Include="src\Utils\RegistryUtils.cpp">
      <Filter>Kaynak Dosyalar</Filter>
    </ClCompile>
    <ClCompile Include="external\pugixml\pugixml.cpp">
      <Filter>Kaynak Dosyalar</Filter>
    </ClCompile>
    <ClCompile Include="src\Utils\CryptoUtils.cpp">
      <Filter>Kaynak Dosyalar</Filter>
    </ClCompile>
    <ClCompile Include="src\Utils\ProcessUtils.cpp">
      <Filter>Kaynak Dosyalar</Filter>
    </ClCompile>
    <ClCompile Include="src\Database\DatabaseManager.cpp">
      <Filter>Kaynak Dosyalar</Filter>
    </ClCompile>
    <ClCompile Include="src\Database\LogDB.cpp">
      <Filter>Kaynak Dosyalar</Filter>
    </ClCompile>
    <ClCompile Include="src\Database\ConfigurationDB.cpp">
      <Filter>Kaynak Dosyalar</Filter>
    </ClCompile>
    <ClCompile Include="external\SQLiteCpp\sqlite3\sqlite3.c">
      <Filter>Kaynak Dosyalar</Filter>
    </ClCompile>
    <ClCompile Include="external\SQLiteCpp\src\Backup.cpp">
      <Filter>Kaynak Dosyalar</Filter>
    </ClCompile>
    <ClCompile Include="external\SQLiteCpp\src\Column.cpp">
      <Filter>Kaynak Dosyalar</Filter>
    </ClCompile>
    <ClCompile Include="external\SQLiteCpp\src\Database.cpp">
      <Filter>Kaynak Dosyalar</Filter>
    </ClCompile>
    <ClCompile Include="external\SQLiteCpp\src\Exception.cpp">
      <Filter>Kaynak Dosyalar</Filter>
    </ClCompile>
    <ClCompile Include="external\SQLiteCpp\src\Savepoint.cpp">
      <Filter>Kaynak Dosyalar</Filter>
    </ClCompile>
    <ClCompile Include="external\SQLiteCpp\src\Statement.cpp">
      <Filter>Kaynak Dosyalar</Filter>
    </ClCompile>
    <ClCompile Include="external\SQLiteCpp\src\Transaction.cpp">
      <Filter>Kaynak Dosyalar</Filter>
    </ClCompile>
    <ClCompile Include="src\Database\QuarantineDB.cpp">
      <Filter>Kaynak Dosyalar</Filter>
    </ClCompile>
    <ClCompile Include="tests\unit\Utils\CacheManager_Tests.cpp">
      <Filter>Kaynak Dosyalar</Filter>
    </ClCompile>
    <ClCompile Include="tests\unit\Utils\CompressionUtils_Tests.cpp">
      <Filter>Kaynak Dosyalar</Filter>
    </ClCompile>
    <ClCompile Include="tests\unit\Utils\CryptoUtils_Tests.cpp">
      <Filter>Kaynak Dosyalar</Filter>
    </ClCompile>
    <ClCompile Include="tests\unit\Utils\FileUtilsTests.cpp">
      <Filter>Kaynak Dosyalar</Filter>
    </ClCompile>
    <ClCompile Include="tests\unit\Utils\HashUtils_Tests.cpp">
      <Filter>Kaynak Dosyalar</Filter>
    </ClCompile>
    <ClCompile Include="tests\unit\Utils\JSONUtils_Tests.cpp">
      <Filter>Kaynak Dosyalar</Filter>
    </ClCompile>
    <ClCompile Include="tests\unit\Utils\MemoryUtils_Tests.cpp">
      <Filter>Kaynak Dosyalar</Filter>
    </ClCompile>
    <ClCompile Include="tests\unit\Utils\RegistryUtilsTests.cpp">
      <Filter>Kaynak Dosyalar</Filter>
    </ClCompile>
    <ClCompile Include="tests\unit\Utils\ThreadPool_Tests.cpp">
      <Filter>Kaynak Dosyalar</Filter>
    </ClCompile>
    <ClCompile Include="tests\unit\Utils\XMLUtils_Tests.cpp">
      <Filter>Kaynak Dosyalar</Filter>
    </ClCompile>
    <ClCompile Include="tests\unit\Utils\NetworkUtils_Tests.cpp">
      <Filter>Kaynak Dosyalar</Filter>
    </ClCompile>
    <ClCompile Include="tests\unit\Utils\ProcessUtils_Tests.cpp">
      <Filter>Kaynak Dosyalar</Filter>
    </ClCompile>
    <ClCompile Include="tests\unit\Utils\SystemUtils_Tests.cpp">
      <Filter>Kaynak Dosyalar</Filter>
    </ClCompile>
    <ClCompile Include="src\Utils\PE_sig_verf.cpp">
      <Filter>Kaynak Dosyalar</Filter>
    </ClCompile>
    <ClCompile Include="src\Utils\ThreadPool.cpp">
      <Filter>Kaynak Dosyalar</Filter>
    </ClCompile>
    <ClCompile Include="tests\unit\Database\Quarantine_db_tests.cpp">
      <Filter>Kaynak Dosyalar</Filter>
    </ClCompile>
    <ClCompile Include="tests\unit\Database\Log_db_tests.cpp">
      <Filter>Kaynak Dosyalar</Filter>
    </ClCompile>
    <ClCompile Include="tests\unit\Database\database_manager_tests.cpp">
      <Filter>Kaynak Dosyalar</Filter>
    </ClCompile>
    <ClCompile Include="tests\unit\Database\configuration_db_tests.cpp">
      <Filter>Kaynak Dosyalar</Filter>
    </ClCompile>
    <ClCompile Include="src\SignatureStore\SignatureStore.cpp">
      <Filter>Kaynak Dosyalar</Filter>
    </ClCompile>
    <ClCompile Include="src\SignatureStore\SignatureIndex.cpp">
      <Filter>Kaynak Dosyalar</Filter>
    </ClCompile>
    <ClCompile Include="src\SignatureStore\SignatureFormat.cpp">
      <Filter>Kaynak Dosyalar</Filter>
    </ClCompile>
    <ClCompile Include="src\SignatureStore\SignatureBuilder.cpp">
      <Filter>Kaynak Dosyalar</Filter>
    </ClCompile>
    <ClCompile Include="src\SignatureStore\YaraRuleStore.cpp">
      <Filter>Kaynak Dosyalar</Filter>
    </ClCompile>
    <ClCompile Include="src\ThreatIntel\ThreatIntelStore.cpp">
      <Filter>Kaynak Dosyalar</Filter>
    </ClCompile>
    <ClCompile Include="src\ThreatIntel\ReputationCache.cpp">
      <Filter>Kaynak Dosyalar</Filter>
    </ClCompile>
    <ClCompile Include="src\ThreatIntel\ThreatIntelFormat.cpp">
      <Filter>Kaynak Dosyalar</Filter>
    </ClCompile>
    <ClCompile Include="src\Whitelist\WhiteListStore.cpp">
      <Filter>Kaynak Dosyalar</Filter>
    </ClCompile>
    <ClCompile Include="src\Whitelist\WhiteListFormat.cpp">
      <Filter>Kaynak Dosyalar</Filter>
    </ClCompile>
    <ClCompile Include="external\tlsh\src\tlsh.cpp">
      <Filter>Kaynak Dosyalar</Filter>
    </ClCompile>
    <ClCompile Include="external\tlsh\src\tlsh_impl.cpp">
      <Filter>Kaynak Dosyalar</Filter>
    </ClCompile>
    <ClCompile Include="external\tlsh\src\tlsh_util.cpp">
      <Filter>Kaynak Dosyalar</Filter>
    </ClCompile>
    <ClCompile Include="external\ssdeep\fuzzy.c">
      <Filter>Kaynak Dosyalar</Filter>
    </ClCompile>
    <ClCompile Include="external\tlsh\src\input_desc.cpp">
      <Filter>Kaynak Dosyalar</Filter>
    </ClCompile>
    <ClCompile Include="external\tlsh\src\shared_file_functions.cpp">
      <Filter>Kaynak Dosyalar</Filter>
    </ClCompile>
    <ClCompile Include="external\ssdeep\edit_dist.c">
      <Filter>Kaynak Dosyalar</Filter>
    </ClCompile>
    <ClCompile Include="src\SignatureStore\batch_sig_builder.cpp">
      <Filter>Kaynak Dosyalar</Filter>
    </ClCompile>
    <ClCompile Include="src\SignatureStore\sig_builder_utils.cpp">
      <Filter>Kaynak Dosyalar</Filter>
    </ClCompile>
    <ClCompile Include="src\SignatureStore\sig_builder_input_methods.cpp">
      <Filter>Kaynak Dosyalar</Filter>
    </ClCompile>
    <ClCompile Include="src\SignatureStore\sig_builder_import_methods.cpp">
      <Filter>Kaynak Dosyalar</Filter>
    </ClCompile>
    <ClCompile Include="src\SignatureStore\sig_builder_serialization.cpp">
      <Filter>Kaynak Dosyalar</Filter>
    </ClCompile>
    <ClCompile Include="tests\unit\Database\white_list\whitelist_frmt_tests.cpp">
      <Filter>Kaynak Dosyalar</Filter>
    </ClCompile>
    <ClCompile Include="tests\unit\Database\white_list\whitelist_store_tests.cpp">
      <Filter>Kaynak Dosyalar</Filter>
    </ClCompile>
    <ClCompile Include="tests\unit\Database\sig_store\pattern_store_tests.cpp">
      <Filter>Kaynak Dosyalar</Filter>
    </ClCompile>
    <ClCompile Include="tests\unit\Database\sig_store\sig_builder_import_methods_tests.cpp">
      <Filter>Kaynak Dosyalar</Filter>
    </ClCompile>
    <ClCompile Include="tests\unit\Database\sig_store\sig_builder_input_methods_tests.cpp">
      <Filter>Kaynak Dosyalar</Filter>
    </ClCompile>
    <ClCompile Include="tests\unit\Database\sig_store\sig_builder_main_tests.cpp">
      <Filter>Kaynak Dosyalar</Filter>
    </ClCompile>
    <ClCompile Include="tests\unit\Database\sig_store\sig_builder_serialization_tests.cpp">
      <Filter>Kaynak Dosyalar</Filter>
    </ClCompile>
    <ClCompile Include="tests\unit\Database\sig_store\sig_builder_utils_tests.cpp">
      <Filter>Kaynak Dosyalar</Filter>
    </ClCompile>
    <ClCompile Include="tests\unit\Database\sig_store\sig_format_tests.cpp">
      <Filter>Kaynak Dosyalar</Filter>
    </ClCompile>
    <ClCompile Include="tests\unit\Database\sig_store\sig_index_tests.cpp">
      <Filter>Kaynak Dosyalar</Filter>
    </ClCompile>
    <ClCompile Include="tests\unit\Database\sig_store\sig_store_tests.cpp">
      <Filter>Kaynak Dosyalar</Filter>
    </ClCompile>
    <ClCompile Include="tests\unit\Database\sig_store\yara_rule_store_tests.cpp">
      <Filter>Kaynak Dosyalar</Filter>
    </ClCompile>
    <ClCompile Include="src\ThreatIntel\ThreatIntelDatabase.cpp">
      <Filter>Kaynak Dosyalar</Filter>
    </ClCompile>
    <ClCompile Include="src\ThreatIntel\ThreatIntelExporter.cpp">
      <Filter>Kaynak Dosyalar</Filter>
    </ClCompile>
    <ClCompile Include="src\ThreatIntel\ThreatIntelFeedManager.cpp">
      <Filter>Kaynak Dosyalar</Filter>
    </ClCompile>
    <ClCompile Include="src\ThreatIntel\ThreatIntelImporter.cpp">
      <Filter>Kaynak Dosyalar</Filter>
    </ClCompile>
    <ClCompile Include="src\ThreatIntel\ThreatIntelIndex.cpp">
      <Filter>Kaynak Dosyalar</Filter>
    </ClCompile>
    <ClCompile Include="src\ThreatIntel\ThreatIntelIOCManager.cpp">
      <Filter>Kaynak Dosyalar</Filter>
    </ClCompile>
    <ClCompile Include="src\ThreatIntel\ThreatIntelLookup.cpp">
      <Filter>Kaynak Dosyalar</Filter>
    </ClCompile>
    <ClCompile Include="src\SignatureStore\sig_indx_internal_node_mng.cpp">
      <Filter>Kaynak Dosyalar</Filter>
    </ClCompile>
    <ClCompile Include="src\Whitelist\WhiteListBloomFilter.cpp">
      <Filter>Kaynak Dosyalar</Filter>
    </ClCompile>
    <ClCompile Include="src\Whitelist\WhiteListHashIndex.cpp">
      <Filter>Kaynak Dosyalar</Filter>
    </ClCompile>
    <ClCompile Include="src\Whitelist\WhiteListPatternIndex.cpp">
      <Filter>Kaynak Dosyalar</Filter>
    </ClCompile>
    <ClCompile Include="src\Whitelist\WhiteListStringPool.cpp">
      <Filter>Kaynak Dosyalar</Filter>
    </ClCompile>
    <ClCompile Include="tests\unit\Database\sig_store\HashStoreTests.cpp">
      <Filter>Kaynak Dosyalar</Filter>
    </ClCompile>
    <ClCompile Include="tests\unit\Database\sig_store\AhoCorasick_Tests.cpp">
      <Filter>Kaynak Dosyalar</Filter>
    </ClCompile>
    <ClCompile Include="tests\unit\Database\sig_store\BoyerMooreTests.cpp">
      <Filter>Kaynak Dosyalar</Filter>
    </ClCompile>
    <ClCompile Include="src\HashStore\BloomFilter_impl.cpp">
      <Filter>Kaynak Dosyalar</Filter>
    </ClCompile>
    <ClCompile Include="src\HashStore\HashBucket_impl.cpp">
      <Filter>Kaynak Dosyalar</Filter>
    </ClCompile>
    <ClCompile Include="src\HashStore\HashStore.cpp">
      <Filter>Kaynak Dosyalar</Filter>
    </ClCompile>
    <ClCompile Include="src\PatternStore\aho_crsck_impl.cpp">
      <Filter>Kaynak Dosyalar</Filter>
    </ClCompile>
    <ClCompile Include="src\PatternStore\boyer_moore_impl.cpp">
      <Filter>Kaynak Dosyalar</Filter>
    </ClCompile>
    <ClCompile Include="src\PatternStore\PatternIndex.cpp">
      <Filter>Kaynak Dosyalar</Filter>
    </ClCompile>
    <ClCompile Include="src\PatternStore\PatternStore.cpp">
      <Filter>Kaynak Dosyalar</Filter>
    </ClCompile>
    <ClCompile Include="src\PatternStore\SIMD_matcher_impl.cpp">
      <Filter>Kaynak Dosyalar</Filter>
    </ClCompile>
    <ClCompile Include="src\Utils\NetworkUtilsIpAddress.cpp">
      <Filter>Kaynak Dosyalar</Filter>
    </ClCompile>
    <ClCompile Include="src\Utils\NetworkUtilsMacAdress.cpp">
      <Filter>Kaynak Dosyalar</Filter>
    </ClCompile>
    <ClCompile Include="src\Utils\NetworkUtils_DNS.cpp">
      <Filter>Kaynak Dosyalar</Filter>
    </ClCompile>
    <ClCompile Include="src\Utils\NetworkUtils_Adapter.cpp">
      <Filter>Kaynak Dosyalar</Filter>
    </ClCompile>
    <ClCompile Include="src\Utils\NetworkUtils_http_https.cpp">
      <Filter>Kaynak Dosyalar</Filter>
    </ClCompile>
    <ClCompile Include="src\Utils\NetworkUtils_URL.cpp">
      <Filter>Kaynak Dosyalar</Filter>
    </ClCompile>
    <ClCompile Include="src\Utils\NetworkSecurity_SSL_TLS.cpp">
      <Filter>Kaynak Dosyalar</Filter>
    </ClCompile>
    <ClCompile Include="src\Utils\NetworkUtils_proxy.cpp">
      <Filter>Kaynak Dosyalar</Filter>
    </ClCompile>
    <ClCompile Include="src\HashStore\HashStore_query_operations.cpp">
      <Filter>Kaynak Dosyalar</Filter>
    </ClCompile>
    <ClCompile Include="src\HashStore\HashStore_mgnmnt.cpp">
      <Filter>Kaynak Dosyalar</Filter>
    </ClCompile>
    <ClCompile Include="src\HashStore\HashStore_import_export.cpp">
      <Filter>Kaynak Dosyalar</Filter>
    </ClCompile>
    <ClCompile Include="src\Utils\CryptoUtilsCommon.cpp">
      <Filter>Kaynak Dosyalar</Filter>
    </ClCompile>
    <ClCompile Include="src\Utils\CryptoUtils_Secure_Random.cpp">
      <Filter>Kaynak Dosyalar</Filter>
    </ClCompile>
    <ClCompile Include="src\Utils\CryptoUtils_SymmetricCipher.cpp">
      <Filter>Kaynak Dosyalar</Filter>
    </ClCompile>
    <ClCompile Include="src\Utils\CryptoUtils_AsymmetricCipher.cpp">
      <Filter>Kaynak Dosyalar</Filter>
    </ClCompile>
    <ClCompile Include="src\Utils\CryptoUtils_private_key.cpp">
      <Filter>Kaynak Dosyalar</Filter>
    </ClCompile>
    <ClCompile Include="src\Utils\CryptoUtils_SecureBuffer.cpp">
      <Filter>Kaynak Dosyalar</Filter>
    </ClCompile>
    <ClCompile Include="tests\unit\Database\threat_intel\ReputationCache_tests.cpp">
      <Filter>Kaynak Dosyalar</Filter>
    </ClCompile>
    <ClCompile Include="src\ThreatIntel\ThreatIntel_bloom_filter.cpp">
      <Filter>Kaynak Dosyalar</Filter>
    </ClCompile>
    <ClCompile Include="src\SignatureStore\SignatureIndex_Query.cpp">
      <Filter>Kaynak Dosyalar</Filter>
    </ClCompile>
    <ClCompile Include="src\SignatureStore\SignatureIndex_modification.cpp">
      <Filter>Kaynak Dosyalar</Filter>
    </ClCompile>
    <ClCompile Include="src\SignatureStore\SignatureIndex_stat_maintenance.cpp">
      <Filter>Kaynak Dosyalar</Filter>
    </ClCompile>
    <ClCompile Include="src\SignatureStore\SignatureIndex_COW.cpp">
      <Filter>Kaynak Dosyalar</Filter>
    </ClCompile>
    <ClCompile Include="src\SignatureStore\SignatureIndex_Cache_mngmnt.cpp">
      <Filter>Kaynak Dosyalar</Filter>
    </ClCompile>
    <ClCompile Include="src\SignatureStore\SignatureStore_scan.cpp">
      <Filter>Kaynak Dosyalar</Filter>
    </ClCompile>
    <ClCompile Include="src\SignatureStore\SignatureStore_Query.cpp">
      <Filter>Kaynak Dosyalar</Filter>
    </ClCompile>
    <ClCompile Include="src\SignatureStore\SignatureStore_mngmnt.cpp">
      <Filter>Kaynak Dosyalar</Filter>
    </ClCompile>
    <ClCompile Include="tests\unit\Database\sig_store\SIMD_matcher_tests.cpp">
      <Filter>Kaynak Dosyalar</Filter>
    </ClCompile>
    <ClCompile Include="tests\unit\Database\threat_intel\ThreatIntel_bloom_filter_tests.cpp">
      <Filter>Kaynak Dosyalar</Filter>
    </ClCompile>
    <ClCompile Include="tests\unit\Database\threat_intel\ThreatIntelDatabase_tests.cpp">
      <Filter>Kaynak Dosyalar</Filter>
    </ClCompile>
    <ClCompile Include="tests\unit\Database\threat_intel\ThreatIntelExporter_Tests.cpp">
      <Filter>Kaynak Dosyalar</Filter>
    </ClCompile>
    <ClCompile Include="tests\unit\Database\threat_intel\ThreatIntelFeedManager_tests.cpp">
      <Filter>Kaynak Dosyalar</Filter>
    </ClCompile>
    <ClCompile Include="tests\unit\Database\threat_intel\ThreatIntelFormat_tests.cpp">
      <Filter>Kaynak Dosyalar</Filter>
    </ClCompile>
    <ClCompile Include="tests\unit\Database\threat_intel\ThreatIntelImporter_Tests.cpp">
      <Filter>Kaynak Dosyalar</Filter>
    </ClCompile>
    <ClCompile Include="tests\unit\Database\threat_intel\ThreatIntelIndex_tests.cpp">
      <Filter>Kaynak Dosyalar</Filter>
    </ClCompile>
    <ClCompile Include="tests\unit\Database\threat_intel\ThreatIntelIOCManager_tests.cpp">
      <Filter>Kaynak Dosyalar</Filter>
    </ClCompile>
    <ClCompile Include="tests\unit\Database\threat_intel\ThreatIntelLookup_tests.cpp">
      <Filter>Kaynak Dosyalar</Filter>
    </ClCompile>
    <ClCompile Include="tests\unit\Database\threat_intel\ThreatIntelStoreTests.cpp">
      <Filter>Kaynak Dosyalar</Filter>
    </ClCompile>
  </ItemGroup>
  <ItemGroup>
    <ClInclude Include="src\Utils\Logger.hpp">
      <Filter>Üst Bilgi Dosyaları</Filter>
    </ClInclude>
    <ClInclude Include="src\Utils\ThreadPool.hpp">
      <Filter>Üst Bilgi Dosyaları</Filter>
    </ClInclude>
    <ClInclude Include="src\Utils\Timer.hpp">
      <Filter>Üst Bilgi Dosyaları</Filter>
    </ClInclude>
    <ClInclude Include="src\Utils\StringUtils.hpp">
      <Filter>Üst Bilgi Dosyaları</Filter>
    </ClInclude>
    <ClInclude Include="src\Utils\FileUtils.hpp">
      <Filter>Üst Bilgi Dosyaları</Filter>
    </ClInclude>
    <ClInclude Include="src\Utils\SystemUtils.hpp">
      <Filter>Üst Bilgi Dosyaları</Filter>
    </ClInclude>
    <ClInclude Include="src\Utils\MemoryUtils.hpp">
      <Filter>Üst Bilgi Dosyaları</Filter>
    </ClInclude>
    <ClInclude Include="src\Utils\CacheManager.hpp">
      <Filter>Üst Bilgi Dosyaları</Filter>
    </ClInclude>
    <ClInclude Include="src\Utils\CompressionUtils.hpp">
      <Filter>Üst Bilgi Dosyaları</Filter>
    </ClInclude>
    <ClInclude Include="src\Utils\HashUtils.hpp">
      <Filter>Üst Bilgi Dosyaları</Filter>
    </ClInclude>
    <ClInclude Include="src\Utils\JSONUtils.hpp">
      <Filter>Üst Bilgi Dosyaları</Filter>
    </ClInclude>
    <ClInclude Include="src\Utils\XMLUtils.hpp">
      <Filter>Üst Bilgi Dosyaları</Filter>
    </ClInclude>
    <ClInclude Include="src\Utils\NetworkUtils.hpp">
      <Filter>Üst Bilgi Dosyaları</Filter>
    </ClInclude>
    <ClInclude Include="src\Utils\RegistryUtils.hpp">
      <Filter>Üst Bilgi Dosyaları</Filter>
    </ClInclude>
    <ClInclude Include="external\pugixml\pugixml.hpp">
      <Filter>Üst Bilgi Dosyaları</Filter>
    </ClInclude>
    <ClInclude Include="src\Utils\CryptoUtils.hpp">
      <Filter>Üst Bilgi Dosyaları</Filter>
    </ClInclude>
    <ClInclude Include="src\Utils\ProcessUtils.hpp">
      <Filter>Üst Bilgi Dosyaları</Filter>
    </ClInclude>
    <ClInclude Include="src\Database\DatabaseManager.hpp">
      <Filter>Üst Bilgi Dosyaları</Filter>
    </ClInclude>
    <ClInclude Include="src\Database\ConfigurationDB.hpp">
      <Filter>Üst Bilgi Dosyaları</Filter>
    </ClInclude>
    <ClInclude Include="src\Database\LogDB.hpp">
      <Filter>Üst Bilgi Dosyaları</Filter>
    </ClInclude>
    <ClInclude Include="src\Database\QuarantineDB.hpp">
      <Filter>Üst Bilgi Dosyaları</Filter>
    </ClInclude>
    <ClInclude Include="external\SQLiteCpp\include\SQLiteCpp\Assertion.h">
      <Filter>Üst Bilgi Dosyaları</Filter>
    </ClInclude>
    <ClInclude Include="external\SQLiteCpp\include\SQLiteCpp\Backup.h">
      <Filter>Üst Bilgi Dosyaları</Filter>
    </ClInclude>
    <ClInclude Include="external\SQLiteCpp\include\SQLiteCpp\Column.h">
      <Filter>Üst Bilgi Dosyaları</Filter>
    </ClInclude>
    <ClInclude Include="external\SQLiteCpp\include\SQLiteCpp\Database.h">
      <Filter>Üst Bilgi Dosyaları</Filter>
    </ClInclude>
    <ClInclude Include="external\SQLiteCpp\include\SQLiteCpp\Exception.h">
      <Filter>Üst Bilgi Dosyaları</Filter>
    </ClInclude>
    <ClInclude Include="external\SQLiteCpp\include\SQLiteCpp\ExecuteMany.h">
      <Filter>Üst Bilgi Dosyaları</Filter>
    </ClInclude>
    <ClInclude Include="external\SQLiteCpp\include\SQLiteCpp\Savepoint.h">
      <Filter>Üst Bilgi Dosyaları</Filter>
    </ClInclude>
    <ClInclude Include="external\SQLiteCpp\include\SQLiteCpp\SQLiteCpp.h">
      <Filter>Üst Bilgi Dosyaları</Filter>
    </ClInclude>
    <ClInclude Include="external\SQLiteCpp\include\SQLiteCpp\SQLiteCppExport.h">
      <Filter>Üst Bilgi Dosyaları</Filter>
    </ClInclude>
    <ClInclude Include="external\SQLiteCpp\include\SQLiteCpp\Statement.h">
      <Filter>Üst Bilgi Dosyaları</Filter>
    </ClInclude>
    <ClInclude Include="external\SQLiteCpp\include\SQLiteCpp\Transaction.h">
      <Filter>Üst Bilgi Dosyaları</Filter>
    </ClInclude>
    <ClInclude Include="external\SQLiteCpp\include\SQLiteCpp\Utils.h">
      <Filter>Üst Bilgi Dosyaları</Filter>
    </ClInclude>
    <ClInclude Include="external\SQLiteCpp\include\SQLiteCpp\VariadicBind.h">
      <Filter>Üst Bilgi Dosyaları</Filter>
    </ClInclude>
    <ClInclude Include="external\SQLiteCpp\sqlite3\sqlite3.h">
      <Filter>Üst Bilgi Dosyaları</Filter>
    </ClInclude>
    <ClInclude Include="src\Utils\Base64Utils.hpp">
      <Filter>Üst Bilgi Dosyaları</Filter>
    </ClInclude>
    <ClInclude Include="src\Utils\ThreadPoolEvents.h">
      <Filter>Üst Bilgi Dosyaları</Filter>
    </ClInclude>
    <ClInclude Include="src\Utils\PE_sig_verf.hpp">
      <Filter>Üst Bilgi Dosyaları</Filter>
    </ClInclude>
    <ClInclude Include="src\SignatureStore\SignatureStore.hpp">
      <Filter>Üst Bilgi Dosyaları</Filter>
    </ClInclude>
    <ClInclude Include="src\SignatureStore\SignatureIndex.hpp">
      <Filter>Üst Bilgi Dosyaları</Filter>
    </ClInclude>
    <ClInclude Include="src\SignatureStore\SignatureFormat.hpp">
      <Filter>Üst Bilgi Dosyaları</Filter>
    </ClInclude>
    <ClInclude Include="src\SignatureStore\SignatureBuilder.hpp">
      <Filter>Üst Bilgi Dosyaları</Filter>
    </ClInclude>
    <ClInclude Include="src\SignatureStore\YaraRuleStore.hpp">
      <Filter>Üst Bilgi Dosyaları</Filter>
    </ClInclude>
    <ClInclude Include="src\ThreatIntel\ThreatIntelStore.hpp">
      <Filter>Üst Bilgi Dosyaları</Filter>
    </ClInclude>
    <ClInclude Include="src\ThreatIntel\ReputationCache.hpp">
      <Filter>Üst Bilgi Dosyaları</Filter>
    </ClInclude>
    <ClInclude Include="src\ThreatIntel\ThreatIntelFormat.hpp">
      <Filter>Üst Bilgi Dosyaları</Filter>
    </ClInclude>
    <ClInclude Include="src\Whitelist\WhiteListStore.hpp">
      <Filter>Üst Bilgi Dosyaları</Filter>
    </ClInclude>
    <ClInclude Include="src\Whitelist\WhiteListFormat.hpp">
      <Filter>Üst Bilgi Dosyaları</Filter>
    </ClInclude>
    <ClInclude Include="src\Cache\MemoryCache.hpp">
      <Filter>Üst Bilgi Dosyaları</Filter>
    </ClInclude>
    <ClInclude Include="src\Cache\PersistentCache.hpp">
      <Filter>Üst Bilgi Dosyaları</Filter>
    </ClInclude>
    <ClInclude Include="external\tlsh\include\tlsh.h">
      <Filter>Üst Bilgi Dosyaları</Filter>
    </ClInclude>
    <ClInclude Include="external\tlsh\include\tlsh_impl.h">
      <Filter>Üst Bilgi Dosyaları</Filter>
    </ClInclude>
    <ClInclude Include="external\tlsh\include\tlsh_util.h">
      <Filter>Üst Bilgi Dosyaları</Filter>
    </ClInclude>
    <ClInclude Include="external\tlsh\include\tlsh_win_version.h">
      <Filter>Üst Bilgi Dosyaları</Filter>
    </ClInclude>
    <ClInclude Include="src\SignatureStore\pragma_pack.h">
      <Filter>Üst Bilgi Dosyaları</Filter>
    </ClInclude>
    <ClInclude Include="external\ssdeep\edit_dist.h">
      <Filter>Üst Bilgi Dosyaları</Filter>
    </ClInclude>
    <ClInclude Include="external\ssdeep\fuzzy.h">
      <Filter>Üst Bilgi Dosyaları</Filter>
    </ClInclude>
    <ClInclude Include="src\ThreatIntel\ThreatIntelDatabase.hpp">
      <Filter>Üst Bilgi Dosyaları</Filter>
    </ClInclude>
    <ClInclude Include="src\ThreatIntel\ThreatIntelExporter.hpp">
      <Filter>Üst Bilgi Dosyaları</Filter>
    </ClInclude>
    <ClInclude Include="src\ThreatIntel\ThreatIntelFeedManager.hpp">
      <Filter>Üst Bilgi Dosyaları</Filter>
    </ClInclude>
    <ClInclude Include="src\ThreatIntel\ThreatIntelImporter.hpp">
      <Filter>Üst Bilgi Dosyaları</Filter>
    </ClInclude>
    <ClInclude Include="src\ThreatIntel\ThreatIntelIndex.hpp">
      <Filter>Üst Bilgi Dosyaları</Filter>
    </ClInclude>
    <ClInclude Include="src\ThreatIntel\ThreatIntelIOCManager.hpp">
      <Filter>Üst Bilgi Dosyaları</Filter>
    </ClInclude>
    <ClInclude Include="src\ThreatIntel\ThreatIntelLookup.hpp">
      <Filter>Üst Bilgi Dosyaları</Filter>
    </ClInclude>
    <ClInclude Include="src\HashStore\HashStore.hpp">
      <Filter>Üst Bilgi Dosyaları</Filter>
    </ClInclude>
    <ClInclude Include="src\PatternStore\PatternStore.hpp">
      <Filter>Üst Bilgi Dosyaları</Filter>
    </ClInclude>
    <ClInclude Include="src\Utils\CryptoUtilsCommon.hpp">
      <Filter>Üst Bilgi Dosyaları</Filter>
    </ClInclude>
  </ItemGroup>
  <ItemGroup>
    <None Include="..\.github\copilot-instructions.md" />
    <None Include="src\SignatureStore\ARCHITECTURE.md" />
    <None Include="ARCHITECTURE_GUIDE_TR.md" />
    <None Include="MODULAR_ARCHITECTURE_DETAILED_TR.md" />
    <None Include="SIGNATUREINDEX_DETAILED_GUIDE_TR.md" />
    <None Include=".clang-tidy" />
  </ItemGroup>
</Project>