<?xml version="1.0" encoding="utf-8"?>
<Project ToolsVersion="4.0" xmlns="http://schemas.microsoft.com/developer/msbuild/2003">
  <ItemGroup>
    <Filter Include="Source Files">
      <UniqueIdentifier>{4FC737F1-C7A5-4376-A066-2A32D752A2FF}</UniqueIdentifier>
      <Extensions>cpp;c;cc;cxx;def;odl;idl;hpj;bat;asm;asmx</Extensions>
    </Filter>
    <Filter Include="Header Files">
      <UniqueIdentifier>{93995380-89BD-4b04-88EB-625FBE52EBFB}</UniqueIdentifier>
      <Extensions>h;hpp;hxx;hm;inl;inc;xsd</Extensions>
    </Filter>
    <Filter Include="Resource Files">
      <UniqueIdentifier>{67DA6AB6-F800-4c08-8B7A-83BB121AAD01}</UniqueIdentifier>
      <Extensions>rc;ico;cur;bmp;dlg;rc2;rct;bin;rgs;gif;jpg;jpeg;jpe;resx;tiff;tif;png;wav;mfcribbon-ms</Extensions>
    </Filter>
    <Filter Include="Driver Files">
      <UniqueIdentifier>{8E41214B-6785-4CFE-B992-037D68949A14}</UniqueIdentifier>
      <Extensions>inf;inv;inx;mof;mc;</Extensions>
    </Filter>
  </ItemGroup>
  <ItemGroup>
    <Inf Include="ShadowSensor.inf">
      <Filter>Driver Files</Filter>
    </Inf>
  </ItemGroup>
  <ItemGroup>
    <ClCompile Include="ShadowSensor\Context\InstanceContext.c">
      <Filter>Source Files</Filter>
    </ClCompile>
    <ClCompile Include="ShadowSensor\Context\StreamContext.c">
      <Filter>Source Files</Filter>
    </ClCompile>
    <ClCompile Include="ShadowSensor\Objects\ObjectNamespace.c">
      <Filter>Source Files</Filter>
    </ClCompile>
    <ClCompile Include="ShadowSensor\ALPC\AlpcPortMonitor.c">
      <Filter>Source Files</Filter>
    </ClCompile>
    <ClCompile Include="ShadowSensor\Transactions\KtmMonitor.c">
      <Filter>Source Files</Filter>
    </ClCompile>
    <ClCompile Include="ShadowSensor\Utilities\FileUtils.c">
      <Filter>Source Files</Filter>
    </ClCompile>
    <ClCompile Include="ShadowSensor\Utilities\HashUtils.c">
      <Filter>Source Files</Filter>
    </ClCompile>
    <ClCompile Include="ShadowSensor\Utilities\MemoryUtils.c">
      <Filter>Source Files</Filter>
    </ClCompile>
    <ClCompile Include="ShadowSensor\Utilities\ProcessUtils.c">
      <Filter>Source Files</Filter>
    </ClCompile>
    <ClCompile Include="ShadowSensor\Utilities\StringUtils.c">
      <Filter>Source Files</Filter>
    </ClCompile>
    <ClCompile Include="ShadowSensor\Performance\BatchProcessing.c">
      <Filter>Source Files</Filter>
    </ClCompile>
    <ClCompile Include="ShadowSensor\Performance\CacheOptimization.c">
      <Filter>Source Files</Filter>
    </ClCompile>
    <ClCompile Include="ShadowSensor\Performance\LookasideLists.c">
      <Filter>Source Files</Filter>
    </ClCompile>
    <ClCompile Include="ShadowSensor\Performance\PerformanceMonitor.c">
      <Filter>Source Files</Filter>
    </ClCompile>
    <ClCompile Include="ShadowSensor\Performance\ResourceThrottling.c">
      <Filter>Source Files</Filter>
    </ClCompile>
    <ClCompile Include="ShadowSensor\Sync\AsyncWorkQueue.c">
      <Filter>Source Files</Filter>
    </ClCompile>
    <ClCompile Include="ShadowSensor\Sync\DeferredProcedure.c">
      <Filter>Source Files</Filter>
    </ClCompile>
    <ClCompile Include="ShadowSensor\Sync\SpinLock.c">
      <Filter>Source Files</Filter>
    </ClCompile>
    <ClCompile Include="ShadowSensor\Sync\ThreadPool.c">
      <Filter>Source Files</Filter>
    </ClCompile>
    <ClCompile Include="ShadowSensor\Sync\TimerManager.c">
      <Filter>Source Files</Filter>
    </ClCompile>
    <ClCompile Include="ShadowSensor\Sync\WorkQueue.c">
      <Filter>Source Files</Filter>
    </ClCompile>
    <ClCompile Include="ShadowSensor\Communication\CommPort.c">
      <Filter>Source Files</Filter>
    </ClCompile>
    <ClCompile Include="ShadowSensor\Communication\Compression.c">
      <Filter>Source Files</Filter>
    </ClCompile>
    <ClCompile Include="ShadowSensor\Communication\Encryption.c">
      <Filter>Source Files</Filter>
    </ClCompile>
    <ClCompile Include="ShadowSensor\Communication\MessageHandler.c">
      <Filter>Source Files</Filter>
    </ClCompile>
    <ClCompile Include="ShadowSensor\Communication\MessageQueue.c">
      <Filter>Source Files</Filter>
    </ClCompile>
    <ClCompile Include="ShadowSensor\Communication\ScanBridge.c">
      <Filter>Source Files</Filter>
    </ClCompile>
    <ClCompile Include="ShadowSensor\Communication\TelemetryBuffer.c">
      <Filter>Source Files</Filter>
    </ClCompile>
    <ClCompile Include="ShadowSensor\ETW\ETWConsumer.c">
      <Filter>Source Files</Filter>
    </ClCompile>
    <ClCompile Include="ShadowSensor\ETW\ETWProvider.c">
      <Filter>Source Files</Filter>
    </ClCompile>
    <ClCompile Include="ShadowSensor\ETW\EventSchema.c">
      <Filter>Source Files</Filter>
    </ClCompile>
    <ClCompile Include="ShadowSensor\ETW\ManifestGenerator.c">
      <Filter>Source Files</Filter>
    </ClCompile>
    <ClCompile Include="ShadowSensor\ETW\TelemetryEvents.c">
      <Filter>Source Files</Filter>
    </ClCompile>
    <ClCompile Include="ShadowSensor\Tracing\Trace.c">
      <Filter>Source Files</Filter>
    </ClCompile>
  </ItemGroup>
  <ItemGroup>
    <ClInclude Include="ShadowSensor\Context\InstanceContext.h">
      <Filter>Header Files</Filter>
    </ClInclude>
    <ClInclude Include="ShadowSensor\Context\StreamContext.h">
      <Filter>Header Files</Filter>
    </ClInclude>
    <ClInclude Include="ShadowSensor\Objects\ObjectNamespace.h">
      <Filter>Header Files</Filter>
    </ClInclude>
    <ClInclude Include="ShadowSensor\ALPC\AlpcPortMonitor.h">
      <Filter>Header Files</Filter>
    </ClInclude>
    <ClInclude Include="ShadowSensor\ALPC\AlpcTypes.h">
      <Filter>Header Files</Filter>
    </ClInclude>
    <ClInclude Include="Shared\AttackPatterns.h">
      <Filter>Header Files</Filter>
    </ClInclude>
    <ClInclude Include="Shared\BehaviorTypes.h">
      <Filter>Header Files</Filter>
    </ClInclude>
    <ClInclude Include="Shared\ErrorCodes.h">
      <Filter>Header Files</Filter>
    </ClInclude>
    <ClInclude Include="Shared\MemoryTypes.h">
      <Filter>Header Files</Filter>
    </ClInclude>
    <ClInclude Include="Shared\MessageProtocol.h">
      <Filter>Header Files</Filter>
    </ClInclude>
    <ClInclude Include="Shared\MessageTypes.h">
      <Filter>Header Files</Filter>
    </ClInclude>
    <ClInclude Include="Shared\NetworkTypes.h">
      <Filter>Header Files</Filter>
    </ClInclude>
    <ClInclude Include="Shared\PortName.h">
      <Filter>Header Files</Filter>
    </ClInclude>
    <ClInclude Include="Shared\SharedDefs.h">
      <Filter>Header Files</Filter>
    </ClInclude>
    <ClInclude Include="Shared\TelemetryTypes.h">
      <Filter>Header Files</Filter>
    </ClInclude>
    <ClInclude Include="Shared\VerdictTypes.h">
      <Filter>Header Files</Filter>
    </ClInclude>
    <ClInclude Include="ShadowSensor\Transactions\KtmMonitor.h">
      <Filter>Header Files</Filter>
    </ClInclude>
    <ClInclude Include="ShadowSensor\Utilities\FileUtils.h">
      <Filter>Header Files</Filter>
    </ClInclude>
    <ClInclude Include="ShadowSensor\Utilities\HashUtils.h">
      <Filter>Header Files</Filter>
    </ClInclude>
    <ClInclude Include="ShadowSensor\Utilities\MemoryUtils.h">
      <Filter>Header Files</Filter>
    </ClInclude>
    <ClInclude Include="ShadowSensor\Utilities\ProcessUtils.h">
      <Filter>Header Files</Filter>
    </ClInclude>
    <ClInclude Include="ShadowSensor\Utilities\StringUtils.h">
      <Filter>Header Files</Filter>
    </ClInclude>
    <ClInclude Include="ShadowSensor\Performance\BatchProcessing.h">
      <Filter>Header Files</Filter>
    </ClInclude>
    <ClInclude Include="ShadowSensor\Performance\CacheOptimization.h">
      <Filter>Header Files</Filter>
    </ClInclude>
    <ClInclude Include="ShadowSensor\Performance\LookasideLists.h">
      <Filter>Header Files</Filter>
    </ClInclude>
    <ClInclude Include="ShadowSensor\Performance\PerformanceMonitor.h">
      <Filter>Header Files</Filter>
    </ClInclude>
    <ClInclude Include="ShadowSensor\Performance\ResourceThrottling.h">
      <Filter>Header Files</Filter>
    </ClInclude>
    <ClInclude Include="ShadowSensor\Sync\AsyncWorkQueue.h">
      <Filter>Header Files</Filter>
    </ClInclude>
    <ClInclude Include="ShadowSensor\Sync\DeferredProcedure.h">
      <Filter>Header Files</Filter>
    </ClInclude>
    <ClInclude Include="ShadowSensor\Sync\SpinLock.h">
      <Filter>Header Files</Filter>
    </ClInclude>
    <ClInclude Include="ShadowSensor\Sync\ThreadPool.h">
      <Filter>Header Files</Filter>
    </ClInclude>
    <ClInclude Include="ShadowSensor\Sync\TimerManager.h">
      <Filter>Header Files</Filter>
    </ClInclude>
    <ClInclude Include="ShadowSensor\Sync\WorkQueue.h">
      <Filter>Header Files</Filter>
    </ClInclude>
    <ClInclude Include="ShadowSensor\Communication\CommPort.h">
      <Filter>Header Files</Filter>
    </ClInclude>
    <ClInclude Include="ShadowSensor\Communication\Compression.h">
      <Filter>Header Files</Filter>
    </ClInclude>
    <ClInclude Include="ShadowSensor\Communication\Encryption.h">
      <Filter>Header Files</Filter>
    </ClInclude>
    <ClInclude Include="ShadowSensor\Communication\MessageHandler.h">
      <Filter>Header Files</Filter>
    </ClInclude>
    <ClInclude Include="ShadowSensor\Communication\MessageQueue.h">
      <Filter>Header Files</Filter>
    </ClInclude>
    <ClInclude Include="ShadowSensor\Communication\ScanBridge.h">
      <Filter>Header Files</Filter>
    </ClInclude>
    <ClInclude Include="ShadowSensor\Communication\TelemetryBuffer.h">
      <Filter>Header Files</Filter>
    </ClInclude>
    <ClInclude Include="ShadowSensor\ETW\ETWConsumer.h">
      <Filter>Header Files</Filter>
    </ClInclude>
    <ClInclude Include="ShadowSensor\ETW\ETWProvider.h">
      <Filter>Header Files</Filter>
    </ClInclude>
    <ClInclude Include="ShadowSensor\ETW\EventSchema.h">
      <Filter>Header Files</Filter>
    </ClInclude>
    <ClInclude Include="ShadowSensor\ETW\ManifestGenerator.h">
      <Filter>Header Files</Filter>
    </ClInclude>
    <ClInclude Include="ShadowSensor\ETW\TelemetryEvents.h">
      <Filter>Header Files</Filter>
    </ClInclude>
    <ClInclude Include="ShadowSensor\Tracing\Trace.h">
      <Filter>Header Files</Filter>
    </ClInclude>
    <ClInclude Include="ShadowSensor\Tracing\WppConfig.h">
      <Filter>Header Files</Filter>
    </ClInclude>
  </ItemGroup>
</Project>