<?xml version="1.0" encoding="utf-8"?>
<Project ToolsVersion="4.0" xmlns="http://schemas.microsoft.com/developer/msbuild/2003">
  <ItemGroup>
    <Filter Include="Source Files">
      <UniqueIdentifier>{4FC737F1-C7A5-4376-A066-2A32D752A2FF}</UniqueIdentifier>
      <Extensions>cpp;c;cc;cxx;def;odl;idl;hpj;bat;asm;asmx</Extensions>
    </Filter>
    <Filter Include="Header Files">
      <UniqueIdentifier>{93995380-89BD-4b04-88EB-625FBE52EBFB}</UniqueIdentifier>
      <Extensions>h;hh;hpp;hxx;hm;inl;inc;xsd</Extensions>
    </Filter>
    <Filter Include="Resource Files">
      <UniqueIdentifier>{67DA6AB6-F800-4c08-8B7A-83BB121AAD01}</UniqueIdentifier>
      <Extensions>rc;ico;cur;bmp;dlg;rc2;rct;bin;rgs;gif;jpg;jpeg;jpe;resx;tiff;tif;png;wav</Extensions>
    </Filter>
  </ItemGroup>
  <ItemGroup>
    <ClCompile Include="src\Main.cpp">
      <Filter>Source Files</Filter>
    </ClCompile>
    <ClCompile Include="src\pch.cpp">
      <Filter>Source Files</Filter>
    </ClCompile>
    <ClCompile Include="src\database\ConfigurationDB.cpp">
      <Filter>Source Files</Filter>
    </ClCompile>
    <ClCompile Include="src\database\DatabaseManager.cpp">
      <Filter>Source Files</Filter>
    </ClCompile>
    <ClCompile Include="src\database\LogDB.cpp">
      <Filter>Source Files</Filter>
    </ClCompile>
    <ClCompile Include="src\database\QuarantineDB.cpp">
      <Filter>Source Files</Filter>
    </ClCompile>
    <ClCompile Include="src\external\pugixml\pugixml.cpp">
      <Filter>Source Files</Filter>
    </ClCompile>
    <ClCompile Include="src\external\sqlitecpp\Backup.cpp">
      <Filter>Source Files</Filter>
    </ClCompile>
    <ClCompile Include="src\external\sqlitecpp\Column.cpp">
      <Filter>Source Files</Filter>
    </ClCompile>
    <ClCompile Include="src\external\sqlitecpp\Database.cpp">
      <Filter>Source Files</Filter>
    </ClCompile>
    <ClCompile Include="src\external\sqlitecpp\Exception.cpp">
      <Filter>Source Files</Filter>
    </ClCompile>
    <ClCompile Include="src\external\sqlitecpp\Savepoint.cpp">
      <Filter>Source Files</Filter>
    </ClCompile>
    <ClCompile Include="src\external\sqlitecpp\Statement.cpp">
      <Filter>Source Files</Filter>
    </ClCompile>
    <ClCompile Include="src\external\sqlitecpp\Transaction.cpp">
      <Filter>Source Files</Filter>
    </ClCompile>
    <ClCompile Include="src\external\sqlitecpp\sqlite3.c">
      <Filter>Source Files</Filter>
    </ClCompile>
    <ClCompile Include="src\external\ssdeep\edit_dist.c">
      <Filter>Source Files</Filter>
    </ClCompile>
    <ClCompile Include="src\external\ssdeep\fuzzy.c">
      <Filter>Source Files</Filter>
    </ClCompile>
    <ClCompile Include="src\external\tlsh\input_desc.cpp">
      <Filter>Source Files</Filter>
    </ClCompile>
    <ClCompile Include="src\external\tlsh\shared_file_functions.cpp">
      <Filter>Source Files</Filter>
    </ClCompile>
    <ClCompile Include="src\external\tlsh\tlsh.cpp">
      <Filter>Source Files</Filter>
    </ClCompile>
    <ClCompile Include="src\external\tlsh\tlsh_impl.cpp">
      <Filter>Source Files</Filter>
    </ClCompile>
    <ClCompile Include="src\external\tlsh\tlsh_util.cpp">
      <Filter>Source Files</Filter>
    </ClCompile>
    <ClCompile Include="src\hashstore\BloomFilter_impl.cpp">
      <Filter>Source Files</Filter>
    </ClCompile>
    <ClCompile Include="src\hashstore\HashBucket_impl.cpp">
      <Filter>Source Files</Filter>
    </ClCompile>
    <ClCompile Include="src\hashstore\HashStore.cpp">
      <Filter>Source Files</Filter>
    </ClCompile>
    <ClCompile Include="src\hashstore\HashStore_import_export.cpp">
      <Filter>Source Files</Filter>
    </ClCompile>
    <ClCompile Include="src\hashstore\HashStore_mgnmnt.cpp">
      <Filter>Source Files</Filter>
    </ClCompile>
    <ClCompile Include="src\hashstore\HashStore_query_operations.cpp">
      <Filter>Source Files</Filter>
    </ClCompile>
    <ClCompile Include="src\patternstore\aho_crsck_impl.cpp">
      <Filter>Source Files</Filter>
    </ClCompile>
    <ClCompile Include="src\patternstore\boyer_moore_impl.cpp">
      <Filter>Source Files</Filter>
    </ClCompile>
    <ClCompile Include="src\patternstore\PatternIndex.cpp">
      <Filter>Source Files</Filter>
    </ClCompile>
    <ClCompile Include="src\patternstore\PatternStore.cpp">
      <Filter>Source Files</Filter>
    </ClCompile>
    <ClCompile Include="src\patternstore\SIMD_Matcher_Impl.cpp">
      <Filter>Source Files</Filter>
    </ClCompile>
    <ClCompile Include="src\signaturestore\batch_sig_builder.cpp">
      <Filter>Source Files</Filter>
    </ClCompile>
    <ClCompile Include="src\signaturestore\SignatureBuilder.cpp">
      <Filter>Source Files</Filter>
    </ClCompile>
    <ClCompile Include="src\signaturestore\SignatureFormat.cpp">
      <Filter>Source Files</Filter>
    </ClCompile>
    <ClCompile Include="src\signaturestore\SignatureIndex.cpp">
      <Filter>Source Files</Filter>
    </ClCompile>
    <ClCompile Include="src\signaturestore\SignatureIndex_Cache_mngmnt.cpp">
      <Filter>Source Files</Filter>
    </ClCompile>
    <ClCompile Include="src\signaturestore\SignatureIndex_COW.cpp">
      <Filter>Source Files</Filter>
    </ClCompile>
    <ClCompile Include="src\signaturestore\SignatureIndex_Modification.cpp">
      <Filter>Source Files</Filter>
    </ClCompile>
    <ClCompile Include="src\signaturestore\SignatureIndex_Query.cpp">
      <Filter>Source Files</Filter>
    </ClCompile>
    <ClCompile Include="src\signaturestore\SignatureIndex_stat_maintenance.cpp">
      <Filter>Source Files</Filter>
    </ClCompile>
    <ClCompile Include="src\signaturestore\SignatureStore.cpp">
      <Filter>Source Files</Filter>
    </ClCompile>
    <ClCompile Include="src\signaturestore\SignatureStore_mngmnt.cpp">
      <Filter>Source Files</Filter>
    </ClCompile>
    <ClCompile Include="src\signaturestore\SignatureStore_Query.cpp">
      <Filter>Source Files</Filter>
    </ClCompile>
    <ClCompile Include="src\signaturestore\SignatureStore_scan.cpp">
      <Filter>Source Files</Filter>
    </ClCompile>
    <ClCompile Include="src\signaturestore\sig_builder_import_methods.cpp">
      <Filter>Source Files</Filter>
    </ClCompile>
    <ClCompile Include="src\signaturestore\sig_builder_input_methods.cpp">
      <Filter>Source Files</Filter>
    </ClCompile>
    <ClCompile Include="src\signaturestore\sig_builder_serialization.cpp">
      <Filter>Source Files</Filter>
    </ClCompile>
    <ClCompile Include="src\signaturestore\sig_builder_utils.cpp">
      <Filter>Source Files</Filter>
    </ClCompile>
    <ClCompile Include="src\signaturestore\sig_indx_internal_node_mng.cpp">
      <Filter>Source Files</Filter>
    </ClCompile>
    <ClCompile Include="src\signaturestore\YaraRuleStore.cpp">
      <Filter>Source Files</Filter>
    </ClCompile>
    <ClCompile Include="src\utils\Base64Utils.cpp">
      <Filter>Source Files</Filter>
    </ClCompile>
    <ClCompile Include="src\utils\CacheManager.cpp">
      <Filter>Source Files</Filter>
    </ClCompile>
    <ClCompile Include="src\utils\CertUtils.cpp">
      <Filter>Source Files</Filter>
    </ClCompile>
    <ClCompile Include="src\utils\CompressionUtils.cpp">
      <Filter>Source Files</Filter>
    </ClCompile>
    <ClCompile Include="src\utils\CryptoUtils.cpp">
      <Filter>Source Files</Filter>
    </ClCompile>
    <ClCompile Include="src\utils\CryptoUtilsCommon.cpp">
      <Filter>Source Files</Filter>
    </ClCompile>
    <ClCompile Include="src\utils\CryptoUtils_AsymmetricCipher.cpp">
      <Filter>Source Files</Filter>
    </ClCompile>
    <ClCompile Include="src\utils\CryptoUtils_private_key.cpp">
      <Filter>Source Files</Filter>
    </ClCompile>
    <ClCompile Include="src\utils\CryptoUtils_SecureBuffer.cpp">
      <Filter>Source Files</Filter>
    </ClCompile>
    <ClCompile Include="src\utils\CryptoUtils_Secure_Random.cpp">
      <Filter>Source Files</Filter>
    </ClCompile>
    <ClCompile Include="src\utils\CryptoUtils_SymmetricCipher.cpp">
      <Filter>Source Files</Filter>
    </ClCompile>
    <ClCompile Include="src\utils\FileUtils.cpp">
      <Filter>Source Files</Filter>
    </ClCompile>
    <ClCompile Include="src\utils\HashUtils.cpp">
      <Filter>Source Files</Filter>
    </ClCompile>
    <ClCompile Include="src\utils\JSONUtils.cpp">
      <Filter>Source Files</Filter>
    </ClCompile>
    <ClCompile Include="src\utils\Logger.cpp">
      <Filter>Source Files</Filter>
    </ClCompile>
    <ClCompile Include="src\utils\MemoryUtils.cpp">
      <Filter>Source Files</Filter>
    </ClCompile>
    <ClCompile Include="src\utils\NetworkSecurity_SSL_TLS.cpp">
      <Filter>Source Files</Filter>
    </ClCompile>
    <ClCompile Include="src\utils\NetworkUtils.cpp">
      <Filter>Source Files</Filter>
    </ClCompile>
    <ClCompile Include="src\utils\NetworkUtilsMacAdress.cpp">
      <Filter>Source Files</Filter>
    </ClCompile>
    <ClCompile Include="src\utils\NetworkUtils_Adapter.cpp">
      <Filter>Source Files</Filter>
    </ClCompile>
    <ClCompile Include="src\utils\NetworkUtils_DNS.cpp">
      <Filter>Source Files</Filter>
    </ClCompile>
    <ClCompile Include="src\utils\NetworkUtils_http_https.cpp">
      <Filter>Source Files</Filter>
    </ClCompile>
    <ClCompile Include="src\utils\NetworkUtils_proxy.cpp">
      <Filter>Source Files</Filter>
    </ClCompile>
    <ClCompile Include="src\utils\NetworkUtils_URL.cpp">
      <Filter>Source Files</Filter>
    </ClCompile>
    <ClCompile Include="src\utils\PE_sig_verf.cpp">
      <Filter>Source Files</Filter>
    </ClCompile>
    <ClCompile Include="src\utils\ProcessUtils.cpp">
      <Filter>Source Files</Filter>
    </ClCompile>
    <ClCompile Include="src\utils\RegistryUtils.cpp">
      <Filter>Source Files</Filter>
    </ClCompile>
    <ClCompile Include="src\utils\StringUtils.cpp">
      <Filter>Source Files</Filter>
    </ClCompile>
    <ClCompile Include="src\utils\SystemUtils.cpp">
      <Filter>Source Files</Filter>
    </ClCompile>
    <ClCompile Include="src\utils\ThreadPool.cpp">
      <Filter>Source Files</Filter>
    </ClCompile>
    <ClCompile Include="src\utils\Timer.cpp">
      <Filter>Source Files</Filter>
    </ClCompile>
    <ClCompile Include="src\utils\XMLUtils.cpp">
      <Filter>Source Files</Filter>
    </ClCompile>
    <ClCompile Include="src\whitelist\WhiteListBloomFilter.cpp">
      <Filter>Source Files</Filter>
    </ClCompile>
    <ClCompile Include="src\whitelist\WhiteListFormat.cpp">
      <Filter>Source Files</Filter>
    </ClCompile>
    <ClCompile Include="src\whitelist\WhiteListHashIndex.cpp">
      <Filter>Source Files</Filter>
    </ClCompile>
    <ClCompile Include="src\whitelist\WhiteListPatternIndex.cpp">
      <Filter>Source Files</Filter>
    </ClCompile>
    <ClCompile Include="src\whitelist\WhiteListStore.cpp">
      <Filter>Source Files</Filter>
    </ClCompile>
    <ClCompile Include="src\whitelist\WhiteListStringPool.cpp">
      <Filter>Source Files</Filter>
    </ClCompile>
    <ClCompile Include="tests\unit\database_systems\configuration_db_tests.cpp">
      <Filter>Source Files</Filter>
    </ClCompile>
    <ClCompile Include="tests\unit\database_systems\database_manager_tests.cpp">
      <Filter>Source Files</Filter>
    </ClCompile>
    <ClCompile Include="tests\unit\database_systems\Log_db_tests.cpp">
      <Filter>Source Files</Filter>
    </ClCompile>
    <ClCompile Include="tests\unit\database_systems\Quarantine_db_tests.cpp">
      <Filter>Source Files</Filter>
    </ClCompile>
    <ClCompile Include="tests\unit\database_systems\sig_store\AhoCorasick_Tests.cpp">
      <Filter>Source Files</Filter>
    </ClCompile>
    <ClCompile Include="tests\unit\database_systems\sig_store\BoyerMooreTests.cpp">
      <Filter>Source Files</Filter>
    </ClCompile>
    <ClCompile Include="tests\unit\database_systems\sig_store\HashStoreTests.cpp">
      <Filter>Source Files</Filter>
    </ClCompile>
    <ClCompile Include="tests\unit\database_systems\sig_store\pattern_store_tests.cpp">
      <Filter>Source Files</Filter>
    </ClCompile>
    <ClCompile Include="tests\unit\database_systems\sig_store\sig_builder_import_methods_tests.cpp">
      <Filter>Source Files</Filter>
    </ClCompile>
    <ClCompile Include="tests\unit\database_systems\sig_store\sig_builder_input_methods_tests.cpp">
      <Filter>Source Files</Filter>
    </ClCompile>
    <ClCompile Include="tests\unit\database_systems\sig_store\sig_builder_main_tests.cpp">
      <Filter>Source Files</Filter>
    </ClCompile>
    <ClCompile Include="tests\unit\database_systems\sig_store\sig_builder_serialization_tests.cpp">
      <Filter>Source Files</Filter>
    </ClCompile>
    <ClCompile Include="tests\unit\database_systems\sig_store\sig_builder_utils_tests.cpp">
      <Filter>Source Files</Filter>
    </ClCompile>
    <ClCompile Include="tests\unit\database_systems\sig_store\sig_format_tests.cpp">
      <Filter>Source Files</Filter>
    </ClCompile>
    <ClCompile Include="tests\unit\database_systems\sig_store\sig_index_tests.cpp">
      <Filter>Source Files</Filter>
    </ClCompile>
    <ClCompile Include="tests\unit\database_systems\sig_store\sig_store_tests.cpp">
      <Filter>Source Files</Filter>
    </ClCompile>
    <ClCompile Include="tests\unit\database_systems\sig_store\yara_rule_store_tests.cpp">
      <Filter>Source Files</Filter>
    </ClCompile>
    <ClCompile Include="tests\unit\database_systems\threat_intel\ReputationCache_tests.cpp">
      <Filter>Source Files</Filter>
    </ClCompile>
    <ClCompile Include="tests\unit\database_systems\threat_intel\ThreatIntelDatabase_tests.cpp">
      <Filter>Source Files</Filter>
    </ClCompile>
    <ClCompile Include="tests\unit\database_systems\threat_intel\ThreatIntelExporter_Tests.cpp">
      <Filter>Source Files</Filter>
    </ClCompile>
    <ClCompile Include="tests\unit\database_systems\threat_intel\ThreatIntelFeedManagerTests.cpp">
      <Filter>Source Files</Filter>
    </ClCompile>
    <ClCompile Include="tests\unit\database_systems\threat_intel\ThreatIntelFeedManager_parsers_tests.cpp">
      <Filter>Source Files</Filter>
    </ClCompile>
    <ClCompile Include="tests\unit\database_systems\threat_intel\ThreatIntelFormat_tests.cpp">
      <Filter>Source Files</Filter>
    </ClCompile>
    <ClCompile Include="tests\unit\database_systems\threat_intel\ThreatIntelImporter_Tests.cpp">
      <Filter>Source Files</Filter>
    </ClCompile>
    <ClCompile Include="tests\unit\database_systems\threat_intel\ThreatIntelIndex_tests.cpp">
      <Filter>Source Files</Filter>
    </ClCompile>
    <ClCompile Include="tests\unit\database_systems\threat_intel\ThreatIntelIOCManager_tests.cpp">
      <Filter>Source Files</Filter>
    </ClCompile>
    <ClCompile Include="tests\unit\database_systems\threat_intel\ThreatIntelLookup_tests.cpp">
      <Filter>Source Files</Filter>
    </ClCompile>
    <ClCompile Include="tests\unit\database_systems\threat_intel\ThreatIntelStoreTests.cpp">
      <Filter>Source Files</Filter>
    </ClCompile>
    <ClCompile Include="tests\unit\database_systems\threat_intel\ThreatIntel_bloom_filter_tests.cpp">
      <Filter>Source Files</Filter>
    </ClCompile>
    <ClCompile Include="tests\unit\database_systems\white_list\WhiteListBloomFilter_tests.cpp">
      <Filter>Source Files</Filter>
    </ClCompile>
    <ClCompile Include="tests\unit\database_systems\white_list\WhiteListFormatTests.cpp">
      <Filter>Source Files</Filter>
    </ClCompile>
    <ClCompile Include="tests\unit\database_systems\white_list\WhiteListHashIndex_tests.cpp">
      <Filter>Source Files</Filter>
    </ClCompile>
    <ClCompile Include="tests\unit\database_systems\white_list\WhiteListPatternIndex_Tests.cpp">
      <Filter>Source Files</Filter>
    </ClCompile>
    <ClCompile Include="tests\unit\database_systems\white_list\WhiteListStore_tests.cpp">
      <Filter>Source Files</Filter>
    </ClCompile>
    <ClCompile Include="tests\unit\database_systems\white_list\WhiteListStringPool_Tests.cpp">
      <Filter>Source Files</Filter>
    </ClCompile>
    <ClCompile Include="tests\unit\utils\Base64UtilsTests.cpp">
      <Filter>Source Files</Filter>
    </ClCompile>
    <ClCompile Include="tests\unit\utils\CacheManager_Tests.cpp">
      <Filter>Source Files</Filter>
    </ClCompile>
    <ClCompile Include="tests\unit\utils\CertUtilsTests.cpp">
      <Filter>Source Files</Filter>
    </ClCompile>
    <ClCompile Include="tests\unit\utils\CompressionUtils_Tests.cpp">
      <Filter>Source Files</Filter>
    </ClCompile>
    <ClCompile Include="tests\unit\utils\CryptoUtils_Tests.cpp">
      <Filter>Source Files</Filter>
    </ClCompile>
    <ClCompile Include="tests\unit\utils\FileUtilsTests.cpp">
      <Filter>Source Files</Filter>
    </ClCompile>
    <ClCompile Include="tests\unit\utils\HashUtils_Tests.cpp">
      <Filter>Source Files</Filter>
    </ClCompile>
    <ClCompile Include="tests\unit\utils\JSONUtils_Tests.cpp">
      <Filter>Source Files</Filter>
    </ClCompile>
    <ClCompile Include="tests\unit\utils\MemoryUtils_Tests.cpp">
      <Filter>Source Files</Filter>
    </ClCompile>
    <ClCompile Include="tests\unit\utils\NetworkUtils_Tests.cpp">
      <Filter>Source Files</Filter>
    </ClCompile>
    <ClCompile Include="tests\unit\utils\ProcessUtils_Tests.cpp">
      <Filter>Source Files</Filter>
    </ClCompile>
    <ClCompile Include="tests\unit\utils\RegistryUtilsTests.cpp">
      <Filter>Source Files</Filter>
    </ClCompile>
    <ClCompile Include="tests\unit\utils\SystemUtils_Tests.cpp">
      <Filter>Source Files</Filter>
    </ClCompile>
    <ClCompile Include="tests\unit\utils\ThreadPool_Tests.cpp">
      <Filter>Source Files</Filter>
    </ClCompile>
    <ClCompile Include="tests\unit\utils\XMLUtils_Tests.cpp">
      <Filter>Source Files</Filter>
    </ClCompile>
    <ClCompile Include="src\Utils\NetworkUtilsIpAddress.cpp">
      <Filter>Source Files</Filter>
    </ClCompile>
    <ClCompile Include="src\ThreatIntel\ReputationCache.cpp">
      <Filter>Source Files</Filter>
    </ClCompile>
    <ClCompile Include="src\ThreatIntel\ThreatIntelBloomFilter.cpp">
      <Filter>Source Files</Filter>
    </ClCompile>
    <ClCompile Include="src\ThreatIntel\ThreatIntelDatabase.cpp">
      <Filter>Source Files</Filter>
    </ClCompile>
    <ClCompile Include="src\ThreatIntel\ThreatIntelExporter.cpp">
      <Filter>Source Files</Filter>
    </ClCompile>
    <ClCompile Include="src\ThreatIntel\ThreatIntelFeedManager.cpp">
      <Filter>Source Files</Filter>
    </ClCompile>
    <ClCompile Include="src\ThreatIntel\ThreatIntelFeedManager_parsers.cpp">
      <Filter>Source Files</Filter>
    </ClCompile>
    <ClCompile Include="src\ThreatIntel\ThreatIntelFormat.cpp">
      <Filter>Source Files</Filter>
    </ClCompile>
    <ClCompile Include="src\ThreatIntel\ThreatIntelImporter.cpp">
      <Filter>Source Files</Filter>
    </ClCompile>
    <ClCompile Include="src\ThreatIntel\ThreatIntelIndex_Core.cpp">
      <Filter>Source Files</Filter>
    </ClCompile>
    <ClCompile Include="src\ThreatIntel\ThreatIntelIndex_DataStructures.cpp">
      <Filter>Source Files</Filter>
    </ClCompile>
    <ClCompile Include="src\ThreatIntel\ThreatIntelIndex_Lookups.cpp">
      <Filter>Source Files</Filter>
    </ClCompile>
    <ClCompile Include="src\ThreatIntel\ThreatIntelIndex_Modifications.cpp">
      <Filter>Source Files</Filter>
    </ClCompile>
    <ClCompile Include="src\ThreatIntel\ThreatIntelIndex_Trees.cpp">
      <Filter>Source Files</Filter>
    </ClCompile>
    <ClCompile Include="src\ThreatIntel\ThreatIntelIndex_URLMatcher.cpp">
      <Filter>Source Files</Filter>
    </ClCompile>
    <ClCompile Include="src\ThreatIntel\ThreatIntelIOCManager.cpp">
      <Filter>Source Files</Filter>
    </ClCompile>
    <ClCompile Include="src\ThreatIntel\ThreatIntelLookup.cpp">
      <Filter>Source Files</Filter>
    </ClCompile>
    <ClCompile Include="src\ThreatIntel\ThreatIntelStore.cpp">
      <Filter>Source Files</Filter>
    </ClCompile>
    <ClCompile Include="tests\unit\Utils\PE_sig_verf_tests.cpp">
      <Filter>Source Files</Filter>
    </ClCompile>
    <ClCompile Include="tests\unit\Database_systems\sig_store\SIMD_Matcher_Tests.cpp">
      <Filter>Source Files</Filter>
    </ClCompile>
    <ClCompile Include="src\AntiEvasion\DebuggerEvasionDetector.cpp">
      <Filter>Source Files</Filter>
    </ClCompile>
    <ClCompile Include="src\AntiEvasion\EnvironmentEvasionDetector.cpp">
      <Filter>Source Files</Filter>
    </ClCompile>
    <ClCompile Include="src\AntiEvasion\MetamorphicDetector.cpp">
      <Filter>Source Files</Filter>
    </ClCompile>
    <ClCompile Include="src\AntiEvasion\PackerDetector.cpp">
      <Filter>Source Files</Filter>
    </ClCompile>
    <ClCompile Include="src\AntiEvasion\SandboxEvasionDetector.cpp">
      <Filter>Source Files</Filter>
    </ClCompile>
    <ClCompile Include="src\AntiEvasion\TimeBasedEvasionDetector.cpp">
      <Filter>Source Files</Filter>
    </ClCompile>
    <ClCompile Include="src\AntiEvasion\VMEvasionDetector.cpp">
      <Filter>Source Files</Filter>
    </ClCompile>
    <ClCompile Include="src\Backup\BackupManager.cpp">
      <Filter>Source Files</Filter>
    </ClCompile>
    <ClCompile Include="src\Backup\BackupScheduler.cpp">
      <Filter>Source Files</Filter>
    </ClCompile>
    <ClCompile Include="src\Backup\IncrementalBackup.cpp">
      <Filter>Source Files</Filter>
    </ClCompile>
    <ClCompile Include="src\Backup\RestoreManager.cpp">
      <Filter>Source Files</Filter>
    </ClCompile>
    <ClCompile Include="src\Banking\BankingTrojanDetector.cpp">
      <Filter>Source Files</Filter>
    </ClCompile>
    <ClCompile Include="src\Banking\CertificatePinning.cpp">
      <Filter>Source Files</Filter>
    </ClCompile>
    <ClCompile Include="src\Banking\KeyloggerProtection.cpp">
      <Filter>Source Files</Filter>
    </ClCompile>
    <ClCompile Include="src\Banking\ScreenshotBlocker.cpp">
      <Filter>Source Files</Filter>
    </ClCompile>
    <ClCompile Include="src\Banking\SecureBrowser.cpp">
      <Filter>Source Files</Filter>
    </ClCompile>
    <ClCompile Include="src\Banking\TransactionMonitor.cpp">
      <Filter>Source Files</Filter>
    </ClCompile>
    <ClCompile Include="src\Communication\AlertSystem.cpp">
      <Filter>Source Files</Filter>
    </ClCompile>
    <ClCompile Include="src\Communication\IPCManager.cpp">
      <Filter>Source Files</Filter>
    </ClCompile>
    <ClCompile Include="src\Communication\NotificationManager.cpp">
      <Filter>Source Files</Filter>
    </ClCompile>
    <ClCompile Include="src\Communication\ReportGenerator.cpp">
      <Filter>Source Files</Filter>
    </ClCompile>
    <ClCompile Include="src\Communication\ServiceCommunication.cpp">
      <Filter>Source Files</Filter>
    </ClCompile>
    <ClCompile Include="src\Communication\TelemetryCollector.cpp">
      <Filter>Source Files</Filter>
    </ClCompile>
    <ClCompile Include="src\Config\ConfigManager.cpp">
      <Filter>Source Files</Filter>
    </ClCompile>
    <ClCompile Include="src\Config\PolicyManager.cpp">
      <Filter>Source Files</Filter>
    </ClCompile>
    <ClCompile Include="src\Config\ProfileManager.cpp">
      <Filter>Source Files</Filter>
    </ClCompile>
    <ClCompile Include="src\Config\SettingsManager.cpp">
      <Filter>Source Files</Filter>
    </ClCompile>
    <ClCompile Include="src\Core\Engine\BehaviorAnalyzer.cpp">
      <Filter>Source Files</Filter>
    </ClCompile>
    <ClCompile Include="src\Core\Engine\EmulationEngine.cpp">
      <Filter>Source Files</Filter>
    </ClCompile>
    <ClCompile Include="src\Core\Engine\HeuristicAnalyzer.cpp">
      <Filter>Source Files</Filter>
    </ClCompile>
    <ClCompile Include="src\Core\Engine\MachineLearningDetector.cpp">
      <Filter>Source Files</Filter>
    </ClCompile>
    <ClCompile Include="src\Core\Engine\PackerUnpacker.cpp">
      <Filter>Source Files</Filter>
    </ClCompile>
    <ClCompile Include="src\Core\Engine\PolymorphicDetector.cpp">
      <Filter>Source Files</Filter>
    </ClCompile>
    <ClCompile Include="src\Core\Engine\QuarantineManager.cpp">
      <Filter>Source Files</Filter>
    </ClCompile>
    <ClCompile Include="src\Core\Engine\SandboxAnalyzer.cpp">
      <Filter>Source Files</Filter>
    </ClCompile>
    <ClCompile Include="src\Core\Engine\ScanEngine.cpp">
      <Filter>Source Files</Filter>
    </ClCompile>
    <ClCompile Include="src\Core\Engine\SignatureDatabase_Manager.cpp">
      <Filter>Source Files</Filter>
    </ClCompile>
    <ClCompile Include="src\Core\Engine\ThreatDetector.cpp">
      <Filter>Source Files</Filter>
    </ClCompile>
    <ClCompile Include="src\Core\Engine\ZeroDayDetector.cpp">
      <Filter>Source Files</Filter>
    </ClCompile>
    <ClCompile Include="src\Core\FileSystem\ArchiveExtractor.cpp">
      <Filter>Source Files</Filter>
    </ClCompile>
    <ClCompile Include="src\Core\FileSystem\DirectoryMonitor.cpp">
      <Filter>Source Files</Filter>
    </ClCompile>
    <ClCompile Include="src\Core\FileSystem\DocumentScanner.cpp">
      <Filter>Source Files</Filter>
    </ClCompile>
    <ClCompile Include="src\Core\FileSystem\ExecutableAnalyzer.cpp">
      <Filter>Source Files</Filter>
    </ClCompile>
    <ClCompile Include="src\Core\FileSystem\FileHasher.cpp">
      <Filter>Source Files</Filter>
    </ClCompile>
    <ClCompile Include="src\Core\FileSystem\FileLockManager.cpp">
      <Filter>Source Files</Filter>
    </ClCompile>
    <ClCompile Include="src\Core\FileSystem\FileReputation.cpp">
      <Filter>Source Files</Filter>
    </ClCompile>
    <ClCompile Include="src\Core\FileSystem\FileTypeAnalyzer.cpp">
      <Filter>Source Files</Filter>
    </ClCompile>
    <ClCompile Include="src\Core\FileSystem\FileWatcher.cpp">
      <Filter>Source Files</Filter>
    </ClCompile>
    <ClCompile Include="src\Core\FileSystem\MediaFileScanner.cpp">
      <Filter>Source Files</Filter>
    </ClCompile>
    <ClCompile Include="src\Core\FileSystem\MountPointMonitor.cpp">
      <Filter>Source Files</Filter>
    </ClCompile>
    <ClCompile Include="src\Core\Network\BotnetDetector.cpp">
      <Filter>Source Files</Filter>
    </ClCompile>
    <ClCompile Include="src\Core\Network\DDosProtection.cpp">
      <Filter>Source Files</Filter>
    </ClCompile>
    <ClCompile Include="src\Core\Network\DNSMonitor.cpp">
      <Filter>Source Files</Filter>
    </ClCompile>
    <ClCompile Include="src\Core\Network\EmailScanner.cpp">
      <Filter>Source Files</Filter>
    </ClCompile>
    <ClCompile Include="src\Core\Network\FirewallManager.cpp">
      <Filter>Source Files</Filter>
    </ClCompile>
    <ClCompile Include="src\Core\Network\NetworkMonitor.cpp">
      <Filter>Source Files</Filter>
    </ClCompile>
    <ClCompile Include="src\Core\Network\P2PMonitor.cpp">
      <Filter>Source Files</Filter>
    </ClCompile>
    <ClCompile Include="src\Core\Network\TorDetector.cpp">
      <Filter>Source Files</Filter>
    </ClCompile>
    <ClCompile Include="src\Core\Network\TrafficAnalyzer.cpp">
      <Filter>Source Files</Filter>
    </ClCompile>
    <ClCompile Include="src\Core\Network\URLAnalyzer.cpp">
      <Filter>Source Files</Filter>
    </ClCompile>
    <ClCompile Include="src\Core\Network\VPNDetector.cpp">
      <Filter>Source Files</Filter>
    </ClCompile>
    <ClCompile Include="src\Core\Network\WebProtection.cpp">
      <Filter>Source Files</Filter>
    </ClCompile>
    <ClCompile Include="src\Core\Process\AtomBombingDetector.cpp">
      <Filter>Source Files</Filter>
    </ClCompile>
    <ClCompile Include="src\Core\Process\DLLInjectionDetector.cpp">
      <Filter>Source Files</Filter>
    </ClCompile>
    <ClCompile Include="src\Core\Process\MemoryScanner.cpp">
      <Filter>Source Files</Filter>
    </ClCompile>
    <ClCompile Include="src\Core\Process\ProcessAnalyzer.cpp">
      <Filter>Source Files</Filter>
    </ClCompile>
    <ClCompile Include="src\Core\Process\ProcessHollowingDetector.cpp">
      <Filter>Source Files</Filter>
    </ClCompile>
    <ClCompile Include="src\Core\Process\ProcessInjectionDetector.cpp">
      <Filter>Source Files</Filter>
    </ClCompile>
    <ClCompile Include="src\Core\Process\ProcessKiller.cpp">
      <Filter>Source Files</Filter>
    </ClCompile>
    <ClCompile Include="src\Core\Process\ProcessMonitor.cpp">
      <Filter>Source Files</Filter>
    </ClCompile>
    <ClCompile Include="src\Core\Process\ReflectiveDLLDetector.cpp">
      <Filter>Source Files</Filter>
    </ClCompile>
    <ClCompile Include="src\Core\Process\ThreadHijackDetector.cpp">
      <Filter>Source Files</Filter>
    </ClCompile>
    <ClCompile Include="src\Core\Registry\PersistenceDetector.cpp">
      <Filter>Source Files</Filter>
    </ClCompile>
    <ClCompile Include="src\Core\Registry\RegistryAnalyzer.cpp">
      <Filter>Source Files</Filter>
    </ClCompile>
    <ClCompile Include="src\Core\Registry\RegistryMonitor.cpp">
      <Filter>Source Files</Filter>
    </ClCompile>
    <ClCompile Include="src\Core\Registry\StartupAnalyzer.cpp">
      <Filter>Source Files</Filter>
    </ClCompile>
    <ClCompile Include="src\Core\Registry\SystemSettingsMonitor.cpp">
      <Filter>Source Files</Filter>
    </ClCompile>
    <ClCompile Include="src\Core\System\BootTimeAnalyzer.cpp">
      <Filter>Source Files</Filter>
    </ClCompile>
    <ClCompile Include="src\Core\System\CrashHandler.cpp">
      <Filter>Source Files</Filter>
    </ClCompile>
    <ClCompile Include="src\Core\System\DriverAnalyzer.cpp">
      <Filter>Source Files</Filter>
    </ClCompile>
    <ClCompile Include="src\Core\System\EventLogger.cpp">
      <Filter>Source Files</Filter>
    </ClCompile>
    <ClCompile Include="src\Core\System\HardwareMonitor.cpp">
      <Filter>Source Files</Filter>
    </ClCompile>
    <ClCompile Include="src\Core\System\PerformanceMonitor.cpp">
      <Filter>Source Files</Filter>
    </ClCompile>
    <ClCompile Include="src\Core\System\ServiceManager.cpp">
      <Filter>Source Files</Filter>
    </ClCompile>
    <ClCompile Include="src\Core\System\SystemInfo.cpp">
      <Filter>Source Files</Filter>
    </ClCompile>
    <ClCompile Include="src\CryptoMiners\BrowserMinerDetector.cpp">
      <Filter>Source Files</Filter>
    </ClCompile>
    <ClCompile Include="src\CryptoMiners\CPUUsageAnalyzer.cpp">
      <Filter>Source Files</Filter>
    </ClCompile>
    <ClCompile Include="src\CryptoMiners\CryptoMinerDetector.cpp">
      <Filter>Source Files</Filter>
    </ClCompile>
    <ClCompile Include="src\CryptoMiners\GPUMiningDetector.cpp">
      <Filter>Source Files</Filter>
    </ClCompile>
    <ClCompile Include="src\CryptoMiners\PoolConnectionDetector.cpp">
      <Filter>Source Files</Filter>
    </ClCompile>
    <ClCompile Include="src\Email\AttachmentScanner.cpp">
      <Filter>Source Files</Filter>
    </ClCompile>
    <ClCompile Include="src\Email\EmailProtection.cpp">
      <Filter>Source Files</Filter>
    </ClCompile>
    <ClCompile Include="src\Email\OutlookScanner.cpp">
      <Filter>Source Files</Filter>
    </ClCompile>
    <ClCompile Include="src\Email\PhishingEmailDetector.cpp">
      <Filter>Source Files</Filter>
    </ClCompile>
    <ClCompile Include="src\Email\SpamDetector.cpp">
      <Filter>Source Files</Filter>
    </ClCompile>
    <ClCompile Include="src\Email\ThunderbirdScanner.cpp">
      <Filter>Source Files</Filter>
    </ClCompile>
    <ClCompile Include="src\Exploits\BufferOverflowProtection.cpp">
      <Filter>Source Files</Filter>
    </ClCompile>
    <ClCompile Include="src\Exploits\HeapSprayDetector.cpp">
      <Filter>Source Files</Filter>
    </ClCompile>
    <ClCompile Include="src\Exploits\JITSprayDetector.cpp">
      <Filter>Source Files</Filter>
    </ClCompile>
    <ClCompile Include="src\Exploits\KernelExploitDetector.cpp">
      <Filter>Source Files</Filter>
    </ClCompile>
    <ClCompile Include="src\Exploits\PrivilegeEscalationDetector.cpp">
      <Filter>Source Files</Filter>
    </ClCompile>
    <ClCompile Include="src\Exploits\ROPProtection.cpp">
      <Filter>Source Files</Filter>
    </ClCompile>
    <ClCompile Include="src\Exploits\StackPivotDetector.cpp">
      <Filter>Source Files</Filter>
    </ClCompile>
    <ClCompile Include="src\Forensics\ArtifactExtractor.cpp">
      <Filter>Source Files</Filter>
    </ClCompile>
    <ClCompile Include="src\Forensics\EvidenceCollector.cpp">
      <Filter>Source Files</Filter>
    </ClCompile>
    <ClCompile Include="src\Forensics\IncidentRecorder.cpp">
      <Filter>Source Files</Filter>
    </ClCompile>
    <ClCompile Include="src\Forensics\MemoryDumper.cpp">
      <Filter>Source Files</Filter>
    </ClCompile>
    <ClCompile Include="src\Forensics\NetworkCapture.cpp">
      <Filter>Source Files</Filter>
    </ClCompile>
    <ClCompile Include="src\Forensics\TimelineAnalyzer.cpp">
      <Filter>Source Files</Filter>
    </ClCompile>
    <ClCompile Include="src\GameMode\GameCheatDetector.cpp">
      <Filter>Source Files</Filter>
    </ClCompile>
    <ClCompile Include="src\GameMode\GameModeManager.cpp">
      <Filter>Source Files</Filter>
    </ClCompile>
    <ClCompile Include="src\GameMode\GameProcessDetector.cpp">
      <Filter>Source Files</Filter>
    </ClCompile>
    <ClCompile Include="src\GameMode\OverlayProtection.cpp">
      <Filter>Source Files</Filter>
    </ClCompile>
    <ClCompile Include="src\GameMode\PerformanceOptimizer.cpp">
      <Filter>Source Files</Filter>
    </ClCompile>
    <ClCompile Include="src\IoT\IoTDeviceScanner.cpp">
      <Filter>Source Files</Filter>
    </ClCompile>
    <ClCompile Include="src\IoT\RouterSecurityChecker.cpp">
      <Filter>Source Files</Filter>
    </ClCompile>
    <ClCompile Include="src\IoT\SmartHomeProtection.cpp">
      <Filter>Source Files</Filter>
    </ClCompile>
    <ClCompile Include="src\IoT\WiFiSecurityAnalyzer.cpp">
      <Filter>Source Files</Filter>
    </ClCompile>
    <ClCompile Include="src\Privacy\CookieManager.cpp">
      <Filter>Source Files</Filter>
    </ClCompile>
    <ClCompile Include="src\Privacy\DataLeakProtection.cpp">
      <Filter>Source Files</Filter>
    </ClCompile>
    <ClCompile Include="src\Privacy\DNSLeakProtection.cpp">
      <Filter>Source Files</Filter>
    </ClCompile>
    <ClCompile Include="src\Privacy\IPLeakProtection.cpp">
      <Filter>Source Files</Filter>
    </ClCompile>
    <ClCompile Include="src\Privacy\LocationPrivacy.cpp">
      <Filter>Source Files</Filter>
    </ClCompile>
    <ClCompile Include="src\Privacy\MicrophoneGuard.cpp">
      <Filter>Source Files</Filter>
    </ClCompile>
    <ClCompile Include="src\Privacy\PrivacyCleaner.cpp">
      <Filter>Source Files</Filter>
    </ClCompile>
    <ClCompile Include="src\Privacy\WebcamProtector.cpp">
      <Filter>Source Files</Filter>
    </ClCompile>
    <ClCompile Include="src\RealTime\AccessControlManager.cpp">
      <Filter>Source Files</Filter>
    </ClCompile>
    <ClCompile Include="src\RealTime\BehaviorBlocker.cpp">
      <Filter>Source Files</Filter>
    </ClCompile>
    <ClCompile Include="src\RealTime\ExploitPrevention.cpp">
      <Filter>Source Files</Filter>
    </ClCompile>
    <ClCompile Include="src\RealTime\FileIntegrityMonitor.cpp">
      <Filter>Source Files</Filter>
    </ClCompile>
    <ClCompile Include="src\RealTime\FileSystemFilter.cpp">
      <Filter>Source Files</Filter>
    </ClCompile>
    <ClCompile Include="src\RealTime\MemoryProtection.cpp">
      <Filter>Source Files</Filter>
    </ClCompile>
    <ClCompile Include="src\RealTime\NetworkTrafficFilter.cpp">
      <Filter>Source Files</Filter>
    </ClCompile>
    <ClCompile Include="src\RealTime\ProcessCreationMonitor.cpp">
      <Filter>Source Files</Filter>
    </ClCompile>
    <ClCompile Include="src\RealTime\RealtTimeProtection.cpp">
      <Filter>Source Files</Filter>
    </ClCompile>
    <ClCompile Include="src\RealTime\ZeroHourProtection.cpp">
      <Filter>Source Files</Filter>
    </ClCompile>
    <ClCompile Include="src\Scripts\AMSIIntegration.cpp">
      <Filter>Source Files</Filter>
    </ClCompile>
    <ClCompile Include="src\Scripts\JavaScriptScanner.cpp">
      <Filter>Source Files</Filter>
    </ClCompile>
    <ClCompile Include="src\Scripts\MacroDetector.cpp">
      <Filter>Source Files</Filter>
    </ClCompile>
    <ClCompile Include="src\Scripts\PowerShellScanner.cpp">
      <Filter>Source Files</Filter>
    </ClCompile>
    <ClCompile Include="src\Scripts\PythonScriptScanner.cpp">
      <Filter>Source Files</Filter>
    </ClCompile>
    <ClCompile Include="src\Scripts\VBScriptScanner.cpp">
      <Filter>Source Files</Filter>
    </ClCompile>
    <ClCompile Include="src\Security\AntiDebug.cpp">
      <Filter>Source Files</Filter>
    </ClCompile>
    <ClCompile Include="src\Security\CertificateValidator.cpp">
      <Filter>Source Files</Filter>
    </ClCompile>
    <ClCompile Include="src\Security\CodeObfuscation.cpp">
      <Filter>Source Files</Filter>
    </ClCompile>
    <ClCompile Include="src\Security\CryptoManager.cpp">
      <Filter>Source Files</Filter>
    </ClCompile>
    <ClCompile Include="src\Security\DigitalSignatureValidator.cpp">
      <Filter>Source Files</Filter>
    </ClCompile>
    <ClCompile Include="src\Security\FileProtection.cpp">
      <Filter>Source Files</Filter>
    </ClCompile>
    <ClCompile Include="src\Security\MemoryProtection.cpp">
      <Filter>Source Files</Filter>
    </ClCompile>
    <ClCompile Include="src\Security\ProcessProtection.cpp">
      <Filter>Source Files</Filter>
    </ClCompile>
    <ClCompile Include="src\Security\RegistryProtection.cpp">
      <Filter>Source Files</Filter>
    </ClCompile>
    <ClCompile Include="src\Security\SelfDefense.cpp">
      <Filter>Source Files</Filter>
    </ClCompile>
    <ClCompile Include="src\Security\TamperProtection.cpp">
      <Filter>Source Files</Filter>
    </ClCompile>
    <ClCompile Include="src\Update\DeltaUpdater.cpp">
      <Filter>Source Files</Filter>
    </ClCompile>
    <ClCompile Include="src\Update\ProgramUpdater.cpp">
      <Filter>Source Files</Filter>
    </ClCompile>
    <ClCompile Include="src\Update\RollbackManager.cpp">
      <Filter>Source Files</Filter>
    </ClCompile>
    <ClCompile Include="src\Update\SignatureUpdater.cpp">
      <Filter>Source Files</Filter>
    </ClCompile>
    <ClCompile Include="src\Update\UpdateManager.cpp">
      <Filter>Source Files</Filter>
    </ClCompile>
    <ClCompile Include="src\Update\UpdateScheduler.cpp">
      <Filter>Source Files</Filter>
    </ClCompile>
    <ClCompile Include="src\Update\UpdateVerifier.cpp">
      <Filter>Source Files</Filter>
    </ClCompile>
    <ClCompile Include="src\USB\BadUSBDetector.cpp">
      <Filter>Source Files</Filter>
    </ClCompile>
    <ClCompile Include="src\USB\DeviceControlManager.cpp">
      <Filter>Source Files</Filter>
    </ClCompile>
    <ClCompile Include="src\USB\USBAutorunBlocker.cpp">
      <Filter>Source Files</Filter>
    </ClCompile>
    <ClCompile Include="src\USB\USBDeviceMonitor.cpp">
      <Filter>Source Files</Filter>
    </ClCompile>
    <ClCompile Include="src\USB\USBScanner.cpp">
      <Filter>Source Files</Filter>
    </ClCompile>
    <ClCompile Include="src\WebBrowser\AdBlocker.cpp">
      <Filter>Source Files</Filter>
    </ClCompile>
    <ClCompile Include="src\WebBrowser\BrowserProtection.cpp">
      <Filter>Source Files</Filter>
    </ClCompile>
    <ClCompile Include="src\WebBrowser\ChromeExtensionScanner.cpp">
      <Filter>Source Files</Filter>
    </ClCompile>
    <ClCompile Include="src\WebBrowser\FirefoxAddonScanner.cpp">
      <Filter>Source Files</Filter>
    </ClCompile>
    <ClCompile Include="src\WebBrowser\MaliciousDownloadBlocker.cpp">
      <Filter>Source Files</Filter>
    </ClCompile>
    <ClCompile Include="src\WebBrowser\PhishingDetector.cpp">
      <Filter>Source Files</Filter>
    </ClCompile>
    <ClCompile Include="src\WebBrowser\SafeBrowsingAPI.cpp">
      <Filter>Source Files</Filter>
    </ClCompile>
    <ClCompile Include="src\WebBrowser\TrackerBlocker.cpp">
      <Filter>Source Files</Filter>
    </ClCompile>
    <ClCompile Include="src\Ransomware\BackupProtector.cpp">
      <Filter>Source Files</Filter>
    </ClCompile>
    <ClCompile Include="src\Ransomware\FileBackupManager.cpp">
      <Filter>Source Files</Filter>
    </ClCompile>
    <ClCompile Include="src\Ransomware\HoneypotManager.cpp">
      <Filter>Source Files</Filter>
    </ClCompile>
    <ClCompile Include="src\Ransomware\LockyDetector.cpp">
      <Filter>Source Files</Filter>
    </ClCompile>
    <ClCompile Include="src\Ransomware\RansomwareDecryptor.cpp">
      <Filter>Source Files</Filter>
    </ClCompile>
    <ClCompile Include="src\Ransomware\RansomwareDetector.cpp">
      <Filter>Source Files</Filter>
    </ClCompile>
    <ClCompile Include="src\Ransomware\ShadowCopyProtector.cpp">
      <Filter>Source Files</Filter>
    </ClCompile>
    <ClCompile Include="src\Ransomware\VolumeSnapshotService.cpp">
      <Filter>Source Files</Filter>
    </ClCompile>
    <ClCompile Include="src\Ransomware\WannaCryDetector.cpp">
      <Filter>Source Files</Filter>
    </ClCompile>
    <ClCompile Include="src\Service\AntivirusService.cpp">
      <Filter>Source Files</Filter>
    </ClCompile>
    <ClCompile Include="src\Service\ServiceInstaller.cpp">
      <Filter>Source Files</Filter>
    </ClCompile>
    <ClCompile Include="src\Service\ServiceController.cpp">
      <Filter>Source Files</Filter>
    </ClCompile>
    <ClCompile Include="src\Service\ServiceCommunicator.cpp">
      <Filter>Source Files</Filter>
    </ClCompile>
    <ClCompile Include="src\Service\ServiceMonitor.cpp">
      <Filter>Source Files</Filter>
    </ClCompile>
    <ClCompile Include="src\Service\PerformanceProfiler.cpp">
      <Filter>Source Files</Filter>
    </ClCompile>
    <ClCompile Include="src\Performance\PerformanceProfiler.cpp">
      <Filter>Source Files</Filter>
    </ClCompile>
    <ClCompile Include="src\Performance\MemoryProfiler.cpp">
      <Filter>Source Files</Filter>
    </ClCompile>
    <ClCompile Include="src\Performance\CPUMonitor.cpp">
      <Filter>Source Files</Filter>
    </ClCompile>
    <ClCompile Include="src\Performance\DiskMonitor.cpp">
      <Filter>Source Files</Filter>
    </ClCompile>
    <ClCompile Include="src\Performance\NetworkPerformanceMonitor.cpp">
      <Filter>Source Files</Filter>
    </ClCompile>
    <ClCompile Include="src\Drivers\FilterDriver.cpp">
      <Filter>Source Files</Filter>
    </ClCompile>
    <ClCompile Include="src\Drivers\FilterCommunication.cpp">
      <Filter>Source Files</Filter>
    </ClCompile>
    <ClCompile Include="src\Drivers\FileFilterCallbacks.cpp">
      <Filter>Source Files</Filter>
    </ClCompile>
    <ClCompile Include="src\Drivers\ProcessFilterCallbacks.cpp">
      <Filter>Source Files</Filter>
    </ClCompile>
    <ClCompile Include="src\Drivers\RegistryFilterCallbacks.cpp">
      <Filter>Source Files</Filter>
    </ClCompile>
    <ClCompile Include="src\AntiEvasion\NetworkBasedEvasionDetector.cpp">
      <Filter>Source Files</Filter>
    </ClCompile>
    <ClCompile Include="src\AntiEvasion\ProcessEvasionDetector.cpp">
      <Filter>Source Files</Filter>
    </ClCompile>
  </ItemGroup>
  <ItemGroup>
    <ClInclude Include="include\gmock\gmock-actions.h">
      <Filter>Header Files</Filter>
    </ClInclude>
    <ClInclude Include="include\gmock\gmock-cardinalities.h">
      <Filter>Header Files</Filter>
    </ClInclude>
    <ClInclude Include="include\gmock\gmock-function-mocker.h">
      <Filter>Header Files</Filter>
    </ClInclude>
    <ClInclude Include="include\gmock\gmock-matchers.h">
      <Filter>Header Files</Filter>
    </ClInclude>
    <ClInclude Include="include\gmock\gmock-more-actions.h">
      <Filter>Header Files</Filter>
    </ClInclude>
    <ClInclude Include="include\gmock\gmock-more-matchers.h">
      <Filter>Header Files</Filter>
    </ClInclude>
    <ClInclude Include="include\gmock\gmock-nice-strict.h">
      <Filter>Header Files</Filter>
    </ClInclude>
    <ClInclude Include="include\gmock\gmock-spec-builders.h">
      <Filter>Header Files</Filter>
    </ClInclude>
    <ClInclude Include="include\gmock\gmock.h">
      <Filter>Header Files</Filter>
    </ClInclude>
    <ClInclude Include="include\gmock\internal\gmock-internal-utils.h">
      <Filter>Header Files</Filter>
    </ClInclude>
    <ClInclude Include="include\gmock\internal\gmock-port.h">
      <Filter>Header Files</Filter>
    </ClInclude>
    <ClInclude Include="include\gmock\internal\gmock-pp.h">
      <Filter>Header Files</Filter>
    </ClInclude>
    <ClInclude Include="include\gmock\internal\custom\gmock-generated-actions.h">
      <Filter>Header Files</Filter>
    </ClInclude>
    <ClInclude Include="include\gmock\internal\custom\gmock-matchers.h">
      <Filter>Header Files</Filter>
    </ClInclude>
    <ClInclude Include="include\gmock\internal\custom\gmock-port.h">
      <Filter>Header Files</Filter>
    </ClInclude>
    <ClInclude Include="include\gtest\gtest-assertion-result.h">
      <Filter>Header Files</Filter>
    </ClInclude>
    <ClInclude Include="include\gtest\gtest-death-test.h">
      <Filter>Header Files</Filter>
    </ClInclude>
    <ClInclude Include="include\gtest\gtest-matchers.h">
      <Filter>Header Files</Filter>
    </ClInclude>
    <ClInclude Include="include\gtest\gtest-message.h">
      <Filter>Header Files</Filter>
    </ClInclude>
    <ClInclude Include="include\gtest\gtest-param-test.h">
      <Filter>Header Files</Filter>
    </ClInclude>
    <ClInclude Include="include\gtest\gtest-printers.h">
      <Filter>Header Files</Filter>
    </ClInclude>
    <ClInclude Include="include\gtest\gtest-spi.h">
      <Filter>Header Files</Filter>
    </ClInclude>
    <ClInclude Include="include\gtest\gtest-test-part.h">
      <Filter>Header Files</Filter>
    </ClInclude>
    <ClInclude Include="include\gtest\gtest-typed-test.h">
      <Filter>Header Files</Filter>
    </ClInclude>
    <ClInclude Include="include\gtest\gtest.h">
      <Filter>Header Files</Filter>
    </ClInclude>
    <ClInclude Include="include\gtest\gtest_pred_impl.h">
      <Filter>Header Files</Filter>
    </ClInclude>
    <ClInclude Include="include\gtest\gtest_prod.h">
      <Filter>Header Files</Filter>
    </ClInclude>
    <ClInclude Include="include\gtest\internal\gtest-death-test-internal.h">
      <Filter>Header Files</Filter>
    </ClInclude>
    <ClInclude Include="include\gtest\internal\gtest-filepath.h">
      <Filter>Header Files</Filter>
    </ClInclude>
    <ClInclude Include="include\gtest\internal\gtest-internal.h">
      <Filter>Header Files</Filter>
    </ClInclude>
    <ClInclude Include="include\gtest\internal\gtest-param-util.h">
      <Filter>Header Files</Filter>
    </ClInclude>
    <ClInclude Include="include\gtest\internal\gtest-port-arch.h">
      <Filter>Header Files</Filter>
    </ClInclude>
    <ClInclude Include="include\gtest\internal\gtest-port.h">
      <Filter>Header Files</Filter>
    </ClInclude>
    <ClInclude Include="include\gtest\internal\gtest-string.h">
      <Filter>Header Files</Filter>
    </ClInclude>
    <ClInclude Include="include\gtest\internal\gtest-type-util.h">
      <Filter>Header Files</Filter>
    </ClInclude>
    <ClInclude Include="include\gtest\internal\custom\gtest-port.h">
      <Filter>Header Files</Filter>
    </ClInclude>
    <ClInclude Include="include\gtest\internal\custom\gtest-printers.h">
      <Filter>Header Files</Filter>
    </ClInclude>
    <ClInclude Include="include\gtest\internal\custom\gtest.h">
      <Filter>Header Files</Filter>
    </ClInclude>
    <ClInclude Include="include\nlohmann\json.hpp">
      <Filter>Header Files</Filter>
    </ClInclude>
    <ClInclude Include="include\pugixml\pugiconfig.hpp">
      <Filter>Header Files</Filter>
    </ClInclude>
    <ClInclude Include="include\pugixml\pugixml.hpp">
      <Filter>Header Files</Filter>
    </ClInclude>
    <ClInclude Include="include\sqlitecpp\Assertion.h">
      <Filter>Header Files</Filter>
    </ClInclude>
    <ClInclude Include="include\sqlitecpp\Backup.h">
      <Filter>Header Files</Filter>
    </ClInclude>
    <ClInclude Include="include\sqlitecpp\Column.h">
      <Filter>Header Files</Filter>
    </ClInclude>
    <ClInclude Include="include\sqlitecpp\Database.h">
      <Filter>Header Files</Filter>
    </ClInclude>
    <ClInclude Include="include\sqlitecpp\Exception.h">
      <Filter>Header Files</Filter>
    </ClInclude>
    <ClInclude Include="include\sqlitecpp\ExecuteMany.h">
      <Filter>Header Files</Filter>
    </ClInclude>
    <ClInclude Include="include\sqlitecpp\Savepoint.h">
      <Filter>Header Files</Filter>
    </ClInclude>
    <ClInclude Include="include\sqlitecpp\sqlite3.h">
      <Filter>Header Files</Filter>
    </ClInclude>
    <ClInclude Include="include\sqlitecpp\SQLiteCpp.h">
      <Filter>Header Files</Filter>
    </ClInclude>
    <ClInclude Include="include\sqlitecpp\SQLiteCppExport.h">
      <Filter>Header Files</Filter>
    </ClInclude>
    <ClInclude Include="include\sqlitecpp\Statement.h">
      <Filter>Header Files</Filter>
    </ClInclude>
    <ClInclude Include="include\sqlitecpp\Transaction.h">
      <Filter>Header Files</Filter>
    </ClInclude>
    <ClInclude Include="include\sqlitecpp\Utils.h">
      <Filter>Header Files</Filter>
    </ClInclude>
    <ClInclude Include="include\sqlitecpp\VariadicBind.h">
      <Filter>Header Files</Filter>
    </ClInclude>
    <ClInclude Include="include\ssdeep\edit_dist.h">
      <Filter>Header Files</Filter>
    </ClInclude>
    <ClInclude Include="include\ssdeep\fuzzy.h">
      <Filter>Header Files</Filter>
    </ClInclude>
    <ClInclude Include="include\ssdeep\sum_table.h">
      <Filter>Header Files</Filter>
    </ClInclude>
    <ClInclude Include="include\tlsh\input_desc.h">
      <Filter>Header Files</Filter>
    </ClInclude>
    <ClInclude Include="include\tlsh\shared_file_functions.h">
      <Filter>Header Files</Filter>
    </ClInclude>
    <ClInclude Include="include\tlsh\tlsh.h">
      <Filter>Header Files</Filter>
    </ClInclude>
    <ClInclude Include="include\tlsh\tlsh_compat.h">
      <Filter>Header Files</Filter>
    </ClInclude>
    <ClInclude Include="include\tlsh\tlsh_impl.h">
      <Filter>Header Files</Filter>
    </ClInclude>
    <ClInclude Include="include\tlsh\tlsh_util.h">
      <Filter>Header Files</Filter>
    </ClInclude>
    <ClInclude Include="include\tlsh\tlsh_win_version.h">
      <Filter>Header Files</Filter>
    </ClInclude>
    <ClInclude Include="include\yara\yara.h">
      <Filter>Header Files</Filter>
    </ClInclude>
    <ClInclude Include="include\yara\authenticode-parser\authenticode.h">
      <Filter>Header Files</Filter>
    </ClInclude>
    <ClInclude Include="include\yara\tlshc\tlsh.h">
      <Filter>Header Files</Filter>
    </ClInclude>
    <ClInclude Include="include\yara\yara\ahocorasick.h">
      <Filter>Header Files</Filter>
    </ClInclude>
    <ClInclude Include="include\yara\yara\arena.h">
      <Filter>Header Files</Filter>
    </ClInclude>
    <ClInclude Include="include\yara\yara\atoms.h">
      <Filter>Header Files</Filter>
    </ClInclude>
    <ClInclude Include="include\yara\yara\base64.h">
      <Filter>Header Files</Filter>
    </ClInclude>
    <ClInclude Include="include\yara\yara\bitmask.h">
      <Filter>Header Files</Filter>
    </ClInclude>
    <ClInclude Include="include\yara\yara\compiler.h">
      <Filter>Header Files</Filter>
    </ClInclude>
    <ClInclude Include="include\yara\yara\dex.h">
      <Filter>Header Files</Filter>
    </ClInclude>
    <ClInclude Include="include\yara\yara\dotnet.h">
      <Filter>Header Files</Filter>
    </ClInclude>
    <ClInclude Include="include\yara\yara\elf.h">
      <Filter>Header Files</Filter>
    </ClInclude>
    <ClInclude Include="include\yara\yara\elf_utils.h">
      <Filter>Header Files</Filter>
    </ClInclude>
    <ClInclude Include="include\yara\yara\endian.h">
      <Filter>Header Files</Filter>
    </ClInclude>
    <ClInclude Include="include\yara\yara\error.h">
      <Filter>Header Files</Filter>
    </ClInclude>
    <ClInclude Include="include\yara\yara\exec.h">
      <Filter>Header Files</Filter>
    </ClInclude>
    <ClInclude Include="include\yara\yara\exefiles.h">
      <Filter>Header Files</Filter>
    </ClInclude>
    <ClInclude Include="include\yara\yara\filemap.h">
      <Filter>Header Files</Filter>
    </ClInclude>
    <ClInclude Include="include\yara\yara\globals.h">
      <Filter>Header Files</Filter>
    </ClInclude>
    <ClInclude Include="include\yara\yara\hash.h">
      <Filter>Header Files</Filter>
    </ClInclude>
    <ClInclude Include="include\yara\yara\hex_lexer.h">
      <Filter>Header Files</Filter>
    </ClInclude>
    <ClInclude Include="include\yara\yara\integers.h">
      <Filter>Header Files</Filter>
    </ClInclude>
    <ClInclude Include="include\yara\yara\lexer.h">
      <Filter>Header Files</Filter>
    </ClInclude>
    <ClInclude Include="include\yara\yara\libyara.h">
      <Filter>Header Files</Filter>
    </ClInclude>
    <ClInclude Include="include\yara\yara\limits.h">
      <Filter>Header Files</Filter>
    </ClInclude>
    <ClInclude Include="include\yara\yara\macho.h">
      <Filter>Header Files</Filter>
    </ClInclude>
    <ClInclude Include="include\yara\yara\mem.h">
      <Filter>Header Files</Filter>
    </ClInclude>
    <ClInclude Include="include\yara\yara\modules.h">
      <Filter>Header Files</Filter>
    </ClInclude>
    <ClInclude Include="include\yara\yara\notebook.h">
      <Filter>Header Files</Filter>
    </ClInclude>
    <ClInclude Include="include\yara\yara\object.h">
      <Filter>Header Files</Filter>
    </ClInclude>
    <ClInclude Include="include\yara\yara\parser.h">
      <Filter>Header Files</Filter>
    </ClInclude>
    <ClInclude Include="include\yara\yara\pe.h">
      <Filter>Header Files</Filter>
    </ClInclude>
    <ClInclude Include="include\yara\yara\pe_utils.h">
      <Filter>Header Files</Filter>
    </ClInclude>
    <ClInclude Include="include\yara\yara\proc.h">
      <Filter>Header Files</Filter>
    </ClInclude>
    <ClInclude Include="include\yara\yara\re.h">
      <Filter>Header Files</Filter>
    </ClInclude>
    <ClInclude Include="include\yara\yara\re_lexer.h">
      <Filter>Header Files</Filter>
    </ClInclude>
    <ClInclude Include="include\yara\yara\rules.h">
      <Filter>Header Files</Filter>
    </ClInclude>
    <ClInclude Include="include\yara\yara\scan.h">
      <Filter>Header Files</Filter>
    </ClInclude>
    <ClInclude Include="include\yara\yara\scanner.h">
      <Filter>Header Files</Filter>
    </ClInclude>
    <ClInclude Include="include\yara\yara\simple_str.h">
      <Filter>Header Files</Filter>
    </ClInclude>
    <ClInclude Include="include\yara\yara\sizedstr.h">
      <Filter>Header Files</Filter>
    </ClInclude>
    <ClInclude Include="include\yara\yara\stack.h">
      <Filter>Header Files</Filter>
    </ClInclude>
    <ClInclude Include="include\yara\yara\stopwatch.h">
      <Filter>Header Files</Filter>
    </ClInclude>
    <ClInclude Include="include\yara\yara\stream.h">
      <Filter>Header Files</Filter>
    </ClInclude>
    <ClInclude Include="include\yara\yara\strutils.h">
      <Filter>Header Files</Filter>
    </ClInclude>
    <ClInclude Include="include\yara\yara\threading.h">
      <Filter>Header Files</Filter>
    </ClInclude>
    <ClInclude Include="include\yara\yara\types.h">
      <Filter>Header Files</Filter>
    </ClInclude>
    <ClInclude Include="include\yara\yara\unaligned.h">
      <Filter>Header Files</Filter>
    </ClInclude>
    <ClInclude Include="include\yara\yara\utils.h">
      <Filter>Header Files</Filter>
    </ClInclude>
    <ClInclude Include="src\pch.h">
      <Filter>Header Files</Filter>
    </ClInclude>
    <ClInclude Include="src\database\ConfigurationDB.hpp">
      <Filter>Header Files</Filter>
    </ClInclude>
    <ClInclude Include="src\database\DatabaseManager.hpp">
      <Filter>Header Files</Filter>
    </ClInclude>
    <ClInclude Include="src\database\LogDB.hpp">
      <Filter>Header Files</Filter>
    </ClInclude>
    <ClInclude Include="src\database\QuarantineDB.hpp">
      <Filter>Header Files</Filter>
    </ClInclude>
    <ClInclude Include="src\hashstore\HashStore.hpp">
      <Filter>Header Files</Filter>
    </ClInclude>
    <ClInclude Include="src\patternstore\PatternStore.hpp">
      <Filter>Header Files</Filter>
    </ClInclude>
    <ClInclude Include="src\signaturestore\pragma_pack.h">
      <Filter>Header Files</Filter>
    </ClInclude>
    <ClInclude Include="src\signaturestore\SignatureBuilder.hpp">
      <Filter>Header Files</Filter>
    </ClInclude>
    <ClInclude Include="src\signaturestore\SignatureFormat.hpp">
      <Filter>Header Files</Filter>
    </ClInclude>
    <ClInclude Include="src\signaturestore\SignatureIndex.hpp">
      <Filter>Header Files</Filter>
    </ClInclude>
    <ClInclude Include="src\signaturestore\SignatureStore.hpp">
      <Filter>Header Files</Filter>
    </ClInclude>
    <ClInclude Include="src\signaturestore\YaraRuleStore.hpp">
      <Filter>Header Files</Filter>
    </ClInclude>
    <ClInclude Include="src\utils\ThreadPoolEvents.h">
      <Filter>Header Files</Filter>
    </ClInclude>
    <ClInclude Include="src\utils\Base64Utils.hpp">
      <Filter>Header Files</Filter>
    </ClInclude>
    <ClInclude Include="src\utils\CacheManager.hpp">
      <Filter>Header Files</Filter>
    </ClInclude>
    <ClInclude Include="src\utils\CertUtils.hpp">
      <Filter>Header Files</Filter>
    </ClInclude>
    <ClInclude Include="src\utils\CompressionUtils.hpp">
      <Filter>Header Files</Filter>
    </ClInclude>
    <ClInclude Include="src\utils\CryptoUtils.hpp">
      <Filter>Header Files</Filter>
    </ClInclude>
    <ClInclude Include="src\utils\CryptoUtilsCommon.hpp">
      <Filter>Header Files</Filter>
    </ClInclude>
    <ClInclude Include="src\utils\FileUtils.hpp">
      <Filter>Header Files</Filter>
    </ClInclude>
    <ClInclude Include="src\utils\HashUtils.hpp">
      <Filter>Header Files</Filter>
    </ClInclude>
    <ClInclude Include="src\utils\JSONUtils.hpp">
      <Filter>Header Files</Filter>
    </ClInclude>
    <ClInclude Include="src\utils\Logger.hpp">
      <Filter>Header Files</Filter>
    </ClInclude>
    <ClInclude Include="src\utils\MemoryUtils.hpp">
      <Filter>Header Files</Filter>
    </ClInclude>
    <ClInclude Include="src\utils\NetworkUtils.hpp">
      <Filter>Header Files</Filter>
    </ClInclude>
    <ClInclude Include="src\utils\PE_sig_verf.hpp">
      <Filter>Header Files</Filter>
    </ClInclude>
    <ClInclude Include="src\utils\ProcessUtils.hpp">
      <Filter>Header Files</Filter>
    </ClInclude>
    <ClInclude Include="src\utils\RegistryUtils.hpp">
      <Filter>Header Files</Filter>
    </ClInclude>
    <ClInclude Include="src\utils\StringUtils.hpp">
      <Filter>Header Files</Filter>
    </ClInclude>
    <ClInclude Include="src\utils\SystemUtils.hpp">
      <Filter>Header Files</Filter>
    </ClInclude>
    <ClInclude Include="src\utils\ThreadPool.hpp">
      <Filter>Header Files</Filter>
    </ClInclude>
    <ClInclude Include="src\utils\Timer.hpp">
      <Filter>Header Files</Filter>
    </ClInclude>
    <ClInclude Include="src\utils\XMLUtils.hpp">
      <Filter>Header Files</Filter>
    </ClInclude>
    <ClInclude Include="src\whitelist\WhiteListFormat.hpp">
      <Filter>Header Files</Filter>
    </ClInclude>
    <ClInclude Include="src\whitelist\WhiteListStore.hpp">
      <Filter>Header Files</Filter>
    </ClInclude>
    <ClInclude Include="src\ThreatIntel\ReputationCache.hpp">
      <Filter>Header Files</Filter>
    </ClInclude>
    <ClInclude Include="src\ThreatIntel\ThreatIntelDatabase.hpp">
      <Filter>Header Files</Filter>
    </ClInclude>
    <ClInclude Include="src\ThreatIntel\ThreatIntelExporter.hpp">
      <Filter>Header Files</Filter>
    </ClInclude>
    <ClInclude Include="src\ThreatIntel\ThreatIntelFeedManager.hpp">
      <Filter>Header Files</Filter>
    </ClInclude>
    <ClInclude Include="src\ThreatIntel\ThreatIntelFeedManager_Util.hpp">
      <Filter>Header Files</Filter>
    </ClInclude>
    <ClInclude Include="src\ThreatIntel\ThreatIntelFormat.hpp">
      <Filter>Header Files</Filter>
    </ClInclude>
    <ClInclude Include="src\ThreatIntel\ThreatIntelImporter.hpp">
      <Filter>Header Files</Filter>
    </ClInclude>
    <ClInclude Include="src\ThreatIntel\ThreatIntelIndex.hpp">
      <Filter>Header Files</Filter>
    </ClInclude>
    <ClInclude Include="src\ThreatIntel\ThreatIntelIndex_DataStructures.hpp">
      <Filter>Header Files</Filter>
    </ClInclude>
    <ClInclude Include="src\ThreatIntel\ThreatIntelIndex_Internal.hpp">
      <Filter>Header Files</Filter>
    </ClInclude>
    <ClInclude Include="src\ThreatIntel\ThreatIntelIndex_LRU.hpp">
      <Filter>Header Files</Filter>
    </ClInclude>
    <ClInclude Include="src\ThreatIntel\ThreatIntelIndex_Trees.hpp">
      <Filter>Header Files</Filter>
    </ClInclude>
    <ClInclude Include="src\ThreatIntel\ThreatIntelIndex_URLMatcher.hpp">
      <Filter>Header Files</Filter>
    </ClInclude>
    <ClInclude Include="src\ThreatIntel\ThreatIntelIOCManager.hpp">
      <Filter>Header Files</Filter>
    </ClInclude>
    <ClInclude Include="src\ThreatIntel\ThreatIntelLookup.hpp">
      <Filter>Header Files</Filter>
    </ClInclude>
    <ClInclude Include="src\ThreatIntel\ThreatIntelStore.hpp">
      <Filter>Header Files</Filter>
    </ClInclude>
    <ClInclude Include="src\AntiEvasion\NetworkBasedEvasionDetector.hpp">
      <Filter>Header Files</Filter>
    </ClInclude>
    <ClInclude Include="src\AntiEvasion\ProcessEvasionDetector.hpp">
      <Filter>Header Files</Filter>
    </ClInclude>
    <ClInclude Include="src\Service\AntivirusService.hpp">
      <Filter>Header Files</Filter>
    </ClInclude>
    <ClInclude Include="src\Service\ServiceInstaller.hpp">
      <Filter>Header Files</Filter>
    </ClInclude>
    <ClInclude Include="src\Service\ServiceController.hpp">
      <Filter>Header Files</Filter>
    </ClInclude>
    <ClInclude Include="src\Service\ServiceCommunicator.hpp">
      <Filter>Header Files</Filter>
    </ClInclude>
    <ClInclude Include="src\Service\ServiceMonitor.hpp">
      <Filter>Header Files</Filter>
    </ClInclude>
    <ClInclude Include="src\Performance\PerformanceProfiler.hpp">
      <Filter>Header Files</Filter>
    </ClInclude>
    <ClInclude Include="src\Performance\MemoryProfiler.hpp">
      <Filter>Header Files</Filter>
    </ClInclude>
    <ClInclude Include="src\Performance\CPUMonitor.hpp">
      <Filter>Header Files</Filter>
    </ClInclude>
    <ClInclude Include="src\Performance\DiskMonitor.hpp">
      <Filter>Header Files</Filter>
    </ClInclude>
    <ClInclude Include="src\Performance\NetworkPerformanceMonitor.hpp">
      <Filter>Header Files</Filter>
    </ClInclude>
    <ClInclude Include="src\Drivers\FilterDriver.hpp">
      <Filter>Header Files</Filter>
    </ClInclude>
    <ClInclude Include="src\Drivers\FilterCommunication.hpp">
      <Filter>Header Files</Filter>
    </ClInclude>
    <ClInclude Include="src\Drivers\FileFilterCallbacks.hpp">
      <Filter>Header Files</Filter>
    </ClInclude>
    <ClInclude Include="src\Drivers\ProcessFilterCallbacks.hpp">
      <Filter>Header Files</Filter>
    </ClInclude>
    <ClInclude Include="src\Drivers\RegistryFilterCallbacks.hpp">
      <Filter>Header Files</Filter>
    </ClInclude>
    <ClInclude Include="src\AntiEvasion\DebuggerEvasionDetector.hpp">
      <Filter>Header Files</Filter>
    </ClInclude>
    <ClInclude Include="src\AntiEvasion\EnvironmentEvasionDetector.hpp">
      <Filter>Header Files</Filter>
    </ClInclude>
    <ClInclude Include="src\AntiEvasion\MetamorphicDetector.hpp">
      <Filter>Header Files</Filter>
    </ClInclude>
    <ClInclude Include="src\AntiEvasion\PackerDetector.hpp">
      <Filter>Header Files</Filter>
    </ClInclude>
    <ClInclude Include="src\AntiEvasion\SandboxEvasionDetector.hpp">
      <Filter>Header Files</Filter>
    </ClInclude>
    <ClInclude Include="src\AntiEvasion\TimeBasedEvasionDetector.hpp">
      <Filter>Header Files</Filter>
    </ClInclude>
    <ClInclude Include="src\AntiEvasion\VMEvasionDetector.hpp">
      <Filter>Header Files</Filter>
    </ClInclude>
    <ClInclude Include="src\AntiEvasion\nt_undocumented.h">
      <Filter>Header Files</Filter>
    </ClInclude>
  </ItemGroup>
  <ItemGroup>
    <MASM Include="src\AntiEvasion\EnvironmentEvasionDetector_x64.asm">
      <Filter>Source Files</Filter>
    </MASM>
    <MASM Include="src\AntiEvasion\VMEvasionDetector_x64.asm">
      <Filter>Source Files</Filter>
    </MASM>
    <MASM Include="src\AntiEvasion\DebuggerEvasionDetector_x64.asm">
      <Filter>Source Files</Filter>
    </MASM>
  </ItemGroup>
</Project>